// !$*UTF8*$!
{
	archiveVersion = 1;
	classes = {
	};
	objectVersion = 46;
	objects = {

/* Begin PBXBuildFile section */
		EA05FE9D1CE00C10004C6756 /* UIBarButtonItem+JDExtension.m in Sources */ = {isa = PBXBuildFile; fileRef = EA05FE9C1CE00C10004C6756 /* UIBarButtonItem+JDExtension.m */; };
		EA05FEA11CE017C1004C6756 /* JDScanCodeController.m in Sources */ = {isa = PBXBuildFile; fileRef = EA05FEA01CE017C1004C6756 /* JDScanCodeController.m */; };
		EA05FEA31CE017F0004C6756 /* JDScanCodeController.storyboard in Resources */ = {isa = PBXBuildFile; fileRef = EA05FEA21CE017F0004C6756 /* JDScanCodeController.storyboard */; };
		EA05FEA61CE02E32004C6756 /* JDQRCodeController.m in Sources */ = {isa = PBXBuildFile; fileRef = EA05FEA51CE02E32004C6756 /* JDQRCodeController.m */; };
		EA05FEA91CE02E4E004C6756 /* JDBarCodeController.m in Sources */ = {isa = PBXBuildFile; fileRef = EA05FEA81CE02E4E004C6756 /* JDBarCodeController.m */; };
		EA05FEAD1CE0A56F004C6756 /* JDMyIDCardController.m in Sources */ = {isa = PBXBuildFile; fileRef = EA05FEAB1CE0A56F004C6756 /* JDMyIDCardController.m */; };
		EA05FEAE1CE0A56F004C6756 /* JDMyIDCardController.xib in Resources */ = {isa = PBXBuildFile; fileRef = EA05FEAC1CE0A56F004C6756 /* JDMyIDCardController.xib */; };
		EA4E3A151CE1774B00DC8612 /* JDCustomTitleView.m in Sources */ = {isa = PBXBuildFile; fileRef = EA4E3A141CE1774B00DC8612 /* JDCustomTitleView.m */; };
		EA4E3A1B1CE3054D00DC8612 /* JDMenuContentController.m in Sources */ = {isa = PBXBuildFile; fileRef = EA4E3A1A1CE3054D00DC8612 /* JDMenuContentController.m */; };
		EA4E3A211CE30FBB00DC8612 /* JDCustomSearchBar.m in Sources */ = {isa = PBXBuildFile; fileRef = EA4E3A201CE30FBB00DC8612 /* JDCustomSearchBar.m */; };
		EA4E3A261CE31E6900DC8612 /* JDBaseController.m in Sources */ = {isa = PBXBuildFile; fileRef = EA4E3A251CE31E6900DC8612 /* JDBaseController.m */; };
		EA4E3A2B1CE31E8F00DC8612 /* JDWelcomeView.m in Sources */ = {isa = PBXBuildFile; fileRef = EA4E3A2A1CE31E8F00DC8612 /* JDWelcomeView.m */; };
		EA4E3A2F1CE3201700DC8612 /* JDWelcomeView.xib in Resources */ = {isa = PBXBuildFile; fileRef = EA4E3A2E1CE3201700DC8612 /* JDWelcomeView.xib */; };
		EA5247E11CE6D1B2001EFFCB /* UIWindow+JDExtension.m in Sources */ = {isa = PBXBuildFile; fileRef = EA5247E01CE6D1B2001EFFCB /* UIWindow+JDExtension.m */; };
		EA5247E41CE6EF41001EFFCB /* JDWeiboCell.m in Sources */ = {isa = PBXBuildFile; fileRef = EA5247E31CE6EF41001EFFCB /* JDWeiboCell.m */; };
		EA5247E71CE6F6A1001EFFCB /* JDStatusModel.m in Sources */ = {isa = PBXBuildFile; fileRef = EA5247E61CE6F6A1001EFFCB /* JDStatusModel.m */; };
		EA5247EA1CE6F6B1001EFFCB /* JDPhotoModel.m in Sources */ = {isa = PBXBuildFile; fileRef = EA5247E91CE6F6B1001EFFCB /* JDPhotoModel.m */; };
		EA5247ED1CE6F6C0001EFFCB /* JDUserModel.m in Sources */ = {isa = PBXBuildFile; fileRef = EA5247EC1CE6F6C0001EFFCB /* JDUserModel.m */; };
		EA870BAD1CE550D800EF9392 /* JDAccountModel.m in Sources */ = {isa = PBXBuildFile; fileRef = EA870BAC1CE550D800EF9392 /* JDAccountModel.m */; };
		EA870BB01CE55AB300EF9392 /* NSString+JDExtension.m in Sources */ = {isa = PBXBuildFile; fileRef = EA870BAF1CE55AB300EF9392 /* NSString+JDExtension.m */; };
		EA870BB81CE56E5A00EF9392 /* JDWelcomeController.m in Sources */ = {isa = PBXBuildFile; fileRef = EA870BB61CE56E5A00EF9392 /* JDWelcomeController.m */; };
		EA870BB91CE56E5A00EF9392 /* JDWelcomeController.xib in Resources */ = {isa = PBXBuildFile; fileRef = EA870BB71CE56E5A00EF9392 /* JDWelcomeController.xib */; };
		EA870BBD1CE56E7500EF9392 /* JDNewFeatureController.m in Sources */ = {isa = PBXBuildFile; fileRef = EA870BBB1CE56E7500EF9392 /* JDNewFeatureController.m */; };
		EA870BBE1CE56E7500EF9392 /* JDNewFeatureController.xib in Resources */ = {isa = PBXBuildFile; fileRef = EA870BBC1CE56E7500EF9392 /* JDNewFeatureController.xib */; };
		EAA6F42C1CE388C600574B04 /* JDLoginController.m in Sources */ = {isa = PBXBuildFile; fileRef = EAA6F42B1CE388C600574B04 /* JDLoginController.m */; };
		EAA944561CDEE87800928507 /* main.m in Sources */ = {isa = PBXBuildFile; fileRef = EAA944551CDEE87800928507 /* main.m */; };
		EAA944611CDEE87800928507 /* Assets.xcassets in Resources */ = {isa = PBXBuildFile; fileRef = EAA944601CDEE87800928507 /* Assets.xcassets */; };
		EAA9446F1CDEE87800928507 /* _____OC__Tests.m in Sources */ = {isa = PBXBuildFile; fileRef = EAA9446E1CDEE87800928507 /* _____OC__Tests.m */; };
		EAA9447A1CDEE87800928507 /* _____OC__UITests.m in Sources */ = {isa = PBXBuildFile; fileRef = EAA944791CDEE87800928507 /* _____OC__UITests.m */; };
		EAA944911CDEE9F900928507 /* JDAppDelegate.m in Sources */ = {isa = PBXBuildFile; fileRef = EAA944901CDEE9F900928507 /* JDAppDelegate.m */; };
		EAA944961CDEEC0E00928507 /* JDTabBarController.m in Sources */ = {isa = PBXBuildFile; fileRef = EAA944951CDEEC0E00928507 /* JDTabBarController.m */; };
		EAA9449C1CDEEDD100928507 /* JDHomeController.m in Sources */ = {isa = PBXBuildFile; fileRef = EAA9449B1CDEEDD100928507 /* JDHomeController.m */; };
		EAA944A01CDEEDF700928507 /* JDProfileController.m in Sources */ = {isa = PBXBuildFile; fileRef = EAA9449F1CDEEDF700928507 /* JDProfileController.m */; };
		EAA944A41CDEEE0D00928507 /* JDMessageController.m in Sources */ = {isa = PBXBuildFile; fileRef = EAA944A31CDEEE0D00928507 /* JDMessageController.m */; };
		EAA944A71CDEEE5300928507 /* JDDiscoverController.m in Sources */ = {isa = PBXBuildFile; fileRef = EAA944A61CDEEE5300928507 /* JDDiscoverController.m */; };
		EAA944AA1CDEEF5C00928507 /* UIImage+JDExtension.m in Sources */ = {isa = PBXBuildFile; fileRef = EAA944A91CDEEF5C00928507 /* UIImage+JDExtension.m */; };
		EAA944AD1CDEF12D00928507 /* JDNavigationController.m in Sources */ = {isa = PBXBuildFile; fileRef = EAA944AC1CDEF12D00928507 /* JDNavigationController.m */; };
		EAA944B21CDEF71500928507 /* JDCustomTabBar.m in Sources */ = {isa = PBXBuildFile; fileRef = EAA944B11CDEF71500928507 /* JDCustomTabBar.m */; };
		EAA944B51CDEF73900928507 /* JDCustomTabBarItem.m in Sources */ = {isa = PBXBuildFile; fileRef = EAA944B41CDEF73900928507 /* JDCustomTabBarItem.m */; };
		EAA944B81CDF21A200928507 /* UIView+JDExtension.m in Sources */ = {isa = PBXBuildFile; fileRef = EAA944B71CDF21A200928507 /* UIView+JDExtension.m */; };
		EAB136D81CE80110007C9B44 /* JDComposeToolsBar.m in Sources */ = {isa = PBXBuildFile; fileRef = EAB136D71CE80110007C9B44 /* JDComposeToolsBar.m */; };
		EAB136DA1CE81781007C9B44 /* JDComposeController.storyboard in Resources */ = {isa = PBXBuildFile; fileRef = EAB136D91CE81781007C9B44 /* JDComposeController.storyboard */; };
		EAB136DD1CE8425C007C9B44 /* JDPhotoCell.m in Sources */ = {isa = PBXBuildFile; fileRef = EAB136DC1CE8425C007C9B44 /* JDPhotoCell.m */; };
		EAB136E01CE8448A007C9B44 /* JDPhotoController.m in Sources */ = {isa = PBXBuildFile; fileRef = EAB136DF1CE8448A007C9B44 /* JDPhotoController.m */; };
		EAEBD43E1CE75C2C00147E08 /* NSDate+JDExtension.m in Sources */ = {isa = PBXBuildFile; fileRef = EAEBD43D1CE75C2C00147E08 /* NSDate+JDExtension.m */; };
		EAEBD4451CE77BD100147E08 /* JDComposeController.m in Sources */ = {isa = PBXBuildFile; fileRef = EAEBD4441CE77BD100147E08 /* JDComposeController.m */; };
		EAEBD4481CE77FA900147E08 /* JDComposeTextView.m in Sources */ = {isa = PBXBuildFile; fileRef = EAEBD4471CE77FA900147E08 /* JDComposeTextView.m */; };
		ECD656EEF890910A835D1322 /* libPods.a in Frameworks */ = {isa = PBXBuildFile; fileRef = B7A4C93A61DEC42F4986C0F1 /* libPods.a */; };
/* End PBXBuildFile section */

/* Begin PBXContainerItemProxy section */
		EAA9446B1CDEE87800928507 /* PBXContainerItemProxy */ = {
			isa = PBXContainerItemProxy;
			containerPortal = EAA944491CDEE87800928507 /* Project object */;
			proxyType = 1;
			remoteGlobalIDString = EAA944501CDEE87800928507;
			remoteInfo = "新浪微博(OC版)";
		};
		EAA944761CDEE87800928507 /* PBXContainerItemProxy */ = {
			isa = PBXContainerItemProxy;
			containerPortal = EAA944491CDEE87800928507 /* Project object */;
			proxyType = 1;
			remoteGlobalIDString = EAA944501CDEE87800928507;
			remoteInfo = "新浪微博(OC版)";
		};
/* End PBXContainerItemProxy section */

/* Begin PBXFileReference section */
		04980972AE7171E70245F602 /* Pods.debug.xcconfig */ = {isa = PBXFileReference; includeInIndex = 1; lastKnownFileType = text.xcconfig; name = Pods.debug.xcconfig; path = "Pods/Target Support Files/Pods/Pods.debug.xcconfig"; sourceTree = "<group>"; };
		6888E6CE58E9FA5F61673074 /* Pods.release.xcconfig */ = {isa = PBXFileReference; includeInIndex = 1; lastKnownFileType = text.xcconfig; name = Pods.release.xcconfig; path = "Pods/Target Support Files/Pods/Pods.release.xcconfig"; sourceTree = "<group>"; };
		B7A4C93A61DEC42F4986C0F1 /* libPods.a */ = {isa = PBXFileReference; explicitFileType = archive.ar; includeInIndex = 0; path = libPods.a; sourceTree = BUILT_PRODUCTS_DIR; };
		EA05FE9B1CE00C10004C6756 /* UIBarButtonItem+JDExtension.h */ = {isa = PBXFileReference; fileEncoding = 4; lastKnownFileType = sourcecode.c.h; path = "UIBarButtonItem+JDExtension.h"; sourceTree = "<group>"; };
		EA05FE9C1CE00C10004C6756 /* UIBarButtonItem+JDExtension.m */ = {isa = PBXFileReference; fileEncoding = 4; lastKnownFileType = sourcecode.c.objc; path = "UIBarButtonItem+JDExtension.m"; sourceTree = "<group>"; };
		EA05FE9F1CE017C1004C6756 /* JDScanCodeController.h */ = {isa = PBXFileReference; fileEncoding = 4; lastKnownFileType = sourcecode.c.h; path = JDScanCodeController.h; sourceTree = "<group>"; };
		EA05FEA01CE017C1004C6756 /* JDScanCodeController.m */ = {isa = PBXFileReference; fileEncoding = 4; lastKnownFileType = sourcecode.c.objc; path = JDScanCodeController.m; sourceTree = "<group>"; };
		EA05FEA21CE017F0004C6756 /* JDScanCodeController.storyboard */ = {isa = PBXFileReference; fileEncoding = 4; lastKnownFileType = file.storyboard; path = JDScanCodeController.storyboard; sourceTree = "<group>"; };
		EA05FEA41CE02E32004C6756 /* JDQRCodeController.h */ = {isa = PBXFileReference; fileEncoding = 4; lastKnownFileType = sourcecode.c.h; path = JDQRCodeController.h; sourceTree = "<group>"; };
		EA05FEA51CE02E32004C6756 /* JDQRCodeController.m */ = {isa = PBXFileReference; fileEncoding = 4; lastKnownFileType = sourcecode.c.objc; path = JDQRCodeController.m; sourceTree = "<group>"; };
		EA05FEA71CE02E4E004C6756 /* JDBarCodeController.h */ = {isa = PBXFileReference; fileEncoding = 4; lastKnownFileType = sourcecode.c.h; path = JDBarCodeController.h; sourceTree = "<group>"; };
		EA05FEA81CE02E4E004C6756 /* JDBarCodeController.m */ = {isa = PBXFileReference; fileEncoding = 4; lastKnownFileType = sourcecode.c.objc; path = JDBarCodeController.m; sourceTree = "<group>"; };
		EA05FEAA1CE0A56F004C6756 /* JDMyIDCardController.h */ = {isa = PBXFileReference; fileEncoding = 4; lastKnownFileType = sourcecode.c.h; path = JDMyIDCardController.h; sourceTree = "<group>"; };
		EA05FEAB1CE0A56F004C6756 /* JDMyIDCardController.m */ = {isa = PBXFileReference; fileEncoding = 4; lastKnownFileType = sourcecode.c.objc; path = JDMyIDCardController.m; sourceTree = "<group>"; };
		EA05FEAC1CE0A56F004C6756 /* JDMyIDCardController.xib */ = {isa = PBXFileReference; fileEncoding = 4; lastKnownFileType = file.xib; path = JDMyIDCardController.xib; sourceTree = "<group>"; };
		EA4E3A131CE1774B00DC8612 /* JDCustomTitleView.h */ = {isa = PBXFileReference; fileEncoding = 4; lastKnownFileType = sourcecode.c.h; path = JDCustomTitleView.h; sourceTree = "<group>"; };
		EA4E3A141CE1774B00DC8612 /* JDCustomTitleView.m */ = {isa = PBXFileReference; fileEncoding = 4; lastKnownFileType = sourcecode.c.objc; path = JDCustomTitleView.m; sourceTree = "<group>"; };
		EA4E3A191CE3054D00DC8612 /* JDMenuContentController.h */ = {isa = PBXFileReference; fileEncoding = 4; lastKnownFileType = sourcecode.c.h; path = JDMenuContentController.h; sourceTree = "<group>"; };
		EA4E3A1A1CE3054D00DC8612 /* JDMenuContentController.m */ = {isa = PBXFileReference; fileEncoding = 4; lastKnownFileType = sourcecode.c.objc; path = JDMenuContentController.m; sourceTree = "<group>"; };
		EA4E3A1F1CE30FBB00DC8612 /* JDCustomSearchBar.h */ = {isa = PBXFileReference; fileEncoding = 4; lastKnownFileType = sourcecode.c.h; path = JDCustomSearchBar.h; sourceTree = "<group>"; };
		EA4E3A201CE30FBB00DC8612 /* JDCustomSearchBar.m */ = {isa = PBXFileReference; fileEncoding = 4; lastKnownFileType = sourcecode.c.objc; path = JDCustomSearchBar.m; sourceTree = "<group>"; };
		EA4E3A241CE31E6900DC8612 /* JDBaseController.h */ = {isa = PBXFileReference; fileEncoding = 4; lastKnownFileType = sourcecode.c.h; path = JDBaseController.h; sourceTree = "<group>"; };
		EA4E3A251CE31E6900DC8612 /* JDBaseController.m */ = {isa = PBXFileReference; fileEncoding = 4; lastKnownFileType = sourcecode.c.objc; path = JDBaseController.m; sourceTree = "<group>"; };
		EA4E3A291CE31E8F00DC8612 /* JDWelcomeView.h */ = {isa = PBXFileReference; fileEncoding = 4; lastKnownFileType = sourcecode.c.h; path = JDWelcomeView.h; sourceTree = "<group>"; };
		EA4E3A2A1CE31E8F00DC8612 /* JDWelcomeView.m */ = {isa = PBXFileReference; fileEncoding = 4; lastKnownFileType = sourcecode.c.objc; path = JDWelcomeView.m; sourceTree = "<group>"; };
		EA4E3A2E1CE3201700DC8612 /* JDWelcomeView.xib */ = {isa = PBXFileReference; fileEncoding = 4; lastKnownFileType = file.xib; path = JDWelcomeView.xib; sourceTree = "<group>"; };
		EA5247DF1CE6D1B2001EFFCB /* UIWindow+JDExtension.h */ = {isa = PBXFileReference; fileEncoding = 4; lastKnownFileType = sourcecode.c.h; path = "UIWindow+JDExtension.h"; sourceTree = "<group>"; };
		EA5247E01CE6D1B2001EFFCB /* UIWindow+JDExtension.m */ = {isa = PBXFileReference; fileEncoding = 4; lastKnownFileType = sourcecode.c.objc; path = "UIWindow+JDExtension.m"; sourceTree = "<group>"; };
		EA5247E21CE6EF41001EFFCB /* JDWeiboCell.h */ = {isa = PBXFileReference; fileEncoding = 4; lastKnownFileType = sourcecode.c.h; path = JDWeiboCell.h; sourceTree = "<group>"; };
		EA5247E31CE6EF41001EFFCB /* JDWeiboCell.m */ = {isa = PBXFileReference; fileEncoding = 4; lastKnownFileType = sourcecode.c.objc; path = JDWeiboCell.m; sourceTree = "<group>"; };
		EA5247E51CE6F6A1001EFFCB /* JDStatusModel.h */ = {isa = PBXFileReference; fileEncoding = 4; lastKnownFileType = sourcecode.c.h; path = JDStatusModel.h; sourceTree = "<group>"; };
		EA5247E61CE6F6A1001EFFCB /* JDStatusModel.m */ = {isa = PBXFileReference; fileEncoding = 4; lastKnownFileType = sourcecode.c.objc; path = JDStatusModel.m; sourceTree = "<group>"; };
		EA5247E81CE6F6B1001EFFCB /* JDPhotoModel.h */ = {isa = PBXFileReference; fileEncoding = 4; lastKnownFileType = sourcecode.c.h; path = JDPhotoModel.h; sourceTree = "<group>"; };
		EA5247E91CE6F6B1001EFFCB /* JDPhotoModel.m */ = {isa = PBXFileReference; fileEncoding = 4; lastKnownFileType = sourcecode.c.objc; path = JDPhotoModel.m; sourceTree = "<group>"; };
		EA5247EB1CE6F6C0001EFFCB /* JDUserModel.h */ = {isa = PBXFileReference; fileEncoding = 4; lastKnownFileType = sourcecode.c.h; path = JDUserModel.h; sourceTree = "<group>"; };
		EA5247EC1CE6F6C0001EFFCB /* JDUserModel.m */ = {isa = PBXFileReference; fileEncoding = 4; lastKnownFileType = sourcecode.c.objc; path = JDUserModel.m; sourceTree = "<group>"; };
		EA870BAB1CE550D800EF9392 /* JDAccountModel.h */ = {isa = PBXFileReference; fileEncoding = 4; lastKnownFileType = sourcecode.c.h; path = JDAccountModel.h; sourceTree = "<group>"; };
		EA870BAC1CE550D800EF9392 /* JDAccountModel.m */ = {isa = PBXFileReference; fileEncoding = 4; lastKnownFileType = sourcecode.c.objc; path = JDAccountModel.m; sourceTree = "<group>"; };
		EA870BAE1CE55AB300EF9392 /* NSString+JDExtension.h */ = {isa = PBXFileReference; fileEncoding = 4; lastKnownFileType = sourcecode.c.h; path = "NSString+JDExtension.h"; sourceTree = "<group>"; };
		EA870BAF1CE55AB300EF9392 /* NSString+JDExtension.m */ = {isa = PBXFileReference; fileEncoding = 4; lastKnownFileType = sourcecode.c.objc; path = "NSString+JDExtension.m"; sourceTree = "<group>"; };
		EA870BB51CE56E5A00EF9392 /* JDWelcomeController.h */ = {isa = PBXFileReference; fileEncoding = 4; lastKnownFileType = sourcecode.c.h; path = JDWelcomeController.h; sourceTree = "<group>"; };
		EA870BB61CE56E5A00EF9392 /* JDWelcomeController.m */ = {isa = PBXFileReference; fileEncoding = 4; lastKnownFileType = sourcecode.c.objc; path = JDWelcomeController.m; sourceTree = "<group>"; };
		EA870BB71CE56E5A00EF9392 /* JDWelcomeController.xib */ = {isa = PBXFileReference; fileEncoding = 4; lastKnownFileType = file.xib; path = JDWelcomeController.xib; sourceTree = "<group>"; };
		EA870BBA1CE56E7500EF9392 /* JDNewFeatureController.h */ = {isa = PBXFileReference; fileEncoding = 4; lastKnownFileType = sourcecode.c.h; path = JDNewFeatureController.h; sourceTree = "<group>"; };
		EA870BBB1CE56E7500EF9392 /* JDNewFeatureController.m */ = {isa = PBXFileReference; fileEncoding = 4; lastKnownFileType = sourcecode.c.objc; path = JDNewFeatureController.m; sourceTree = "<group>"; };
		EA870BBC1CE56E7500EF9392 /* JDNewFeatureController.xib */ = {isa = PBXFileReference; fileEncoding = 4; lastKnownFileType = file.xib; path = JDNewFeatureController.xib; sourceTree = "<group>"; };
		EAA6F42A1CE388C600574B04 /* JDLoginController.h */ = {isa = PBXFileReference; fileEncoding = 4; lastKnownFileType = sourcecode.c.h; path = JDLoginController.h; sourceTree = "<group>"; };
		EAA6F42B1CE388C600574B04 /* JDLoginController.m */ = {isa = PBXFileReference; fileEncoding = 4; lastKnownFileType = sourcecode.c.objc; path = JDLoginController.m; sourceTree = "<group>"; };
		EAA944511CDEE87800928507 /* 新浪微博(OC版).app */ = {isa = PBXFileReference; explicitFileType = wrapper.application; includeInIndex = 0; path = "新浪微博(OC版).app"; sourceTree = BUILT_PRODUCTS_DIR; };
		EAA944551CDEE87800928507 /* main.m */ = {isa = PBXFileReference; lastKnownFileType = sourcecode.c.objc; path = main.m; sourceTree = "<group>"; };
		EAA944601CDEE87800928507 /* Assets.xcassets */ = {isa = PBXFileReference; lastKnownFileType = folder.assetcatalog; path = Assets.xcassets; sourceTree = "<group>"; };
		EAA944651CDEE87800928507 /* Info.plist */ = {isa = PBXFileReference; lastKnownFileType = text.plist.xml; path = Info.plist; sourceTree = "<group>"; };
		EAA9446A1CDEE87800928507 /* 新浪微博(OC版)Tests.xctest */ = {isa = PBXFileReference; explicitFileType = wrapper.cfbundle; includeInIndex = 0; path = "新浪微博(OC版)Tests.xctest"; sourceTree = BUILT_PRODUCTS_DIR; };
		EAA9446E1CDEE87800928507 /* _____OC__Tests.m */ = {isa = PBXFileReference; lastKnownFileType = sourcecode.c.objc; path = "_____OC__Tests.m"; sourceTree = "<group>"; };
		EAA944701CDEE87800928507 /* Info.plist */ = {isa = PBXFileReference; lastKnownFileType = text.plist.xml; path = Info.plist; sourceTree = "<group>"; };
		EAA944751CDEE87800928507 /* 新浪微博(OC版)UITests.xctest */ = {isa = PBXFileReference; explicitFileType = wrapper.cfbundle; includeInIndex = 0; path = "新浪微博(OC版)UITests.xctest"; sourceTree = BUILT_PRODUCTS_DIR; };
		EAA944791CDEE87800928507 /* _____OC__UITests.m */ = {isa = PBXFileReference; lastKnownFileType = sourcecode.c.objc; path = "_____OC__UITests.m"; sourceTree = "<group>"; };
		EAA9447B1CDEE87800928507 /* Info.plist */ = {isa = PBXFileReference; lastKnownFileType = text.plist.xml; path = Info.plist; sourceTree = "<group>"; };
		EAA944871CDEE92A00928507 /* JDWeiboHeaders.pch */ = {isa = PBXFileReference; fileEncoding = 4; lastKnownFileType = sourcecode.c.h; path = JDWeiboHeaders.pch; sourceTree = "<group>"; };
		EAA9448F1CDEE9F900928507 /* JDAppDelegate.h */ = {isa = PBXFileReference; fileEncoding = 4; lastKnownFileType = sourcecode.c.h; path = JDAppDelegate.h; sourceTree = "<group>"; };
		EAA944901CDEE9F900928507 /* JDAppDelegate.m */ = {isa = PBXFileReference; fileEncoding = 4; lastKnownFileType = sourcecode.c.objc; path = JDAppDelegate.m; sourceTree = "<group>"; };
		EAA944941CDEEC0E00928507 /* JDTabBarController.h */ = {isa = PBXFileReference; fileEncoding = 4; lastKnownFileType = sourcecode.c.h; path = JDTabBarController.h; sourceTree = "<group>"; };
		EAA944951CDEEC0E00928507 /* JDTabBarController.m */ = {isa = PBXFileReference; fileEncoding = 4; lastKnownFileType = sourcecode.c.objc; path = JDTabBarController.m; sourceTree = "<group>"; };
		EAA9449A1CDEEDD100928507 /* JDHomeController.h */ = {isa = PBXFileReference; fileEncoding = 4; lastKnownFileType = sourcecode.c.h; path = JDHomeController.h; sourceTree = "<group>"; };
		EAA9449B1CDEEDD100928507 /* JDHomeController.m */ = {isa = PBXFileReference; fileEncoding = 4; lastKnownFileType = sourcecode.c.objc; path = JDHomeController.m; sourceTree = "<group>"; };
		EAA9449E1CDEEDF700928507 /* JDProfileController.h */ = {isa = PBXFileReference; fileEncoding = 4; lastKnownFileType = sourcecode.c.h; path = JDProfileController.h; sourceTree = "<group>"; };
		EAA9449F1CDEEDF700928507 /* JDProfileController.m */ = {isa = PBXFileReference; fileEncoding = 4; lastKnownFileType = sourcecode.c.objc; path = JDProfileController.m; sourceTree = "<group>"; };
		EAA944A21CDEEE0D00928507 /* JDMessageController.h */ = {isa = PBXFileReference; fileEncoding = 4; lastKnownFileType = sourcecode.c.h; path = JDMessageController.h; sourceTree = "<group>"; };
		EAA944A31CDEEE0D00928507 /* JDMessageController.m */ = {isa = PBXFileReference; fileEncoding = 4; lastKnownFileType = sourcecode.c.objc; path = JDMessageController.m; sourceTree = "<group>"; };
		EAA944A51CDEEE5300928507 /* JDDiscoverController.h */ = {isa = PBXFileReference; fileEncoding = 4; lastKnownFileType = sourcecode.c.h; path = JDDiscoverController.h; sourceTree = "<group>"; };
		EAA944A61CDEEE5300928507 /* JDDiscoverController.m */ = {isa = PBXFileReference; fileEncoding = 4; lastKnownFileType = sourcecode.c.objc; path = JDDiscoverController.m; sourceTree = "<group>"; };
		EAA944A81CDEEF5C00928507 /* UIImage+JDExtension.h */ = {isa = PBXFileReference; fileEncoding = 4; lastKnownFileType = sourcecode.c.h; path = "UIImage+JDExtension.h"; sourceTree = "<group>"; };
		EAA944A91CDEEF5C00928507 /* UIImage+JDExtension.m */ = {isa = PBXFileReference; fileEncoding = 4; lastKnownFileType = sourcecode.c.objc; path = "UIImage+JDExtension.m"; sourceTree = "<group>"; };
		EAA944AB1CDEF12D00928507 /* JDNavigationController.h */ = {isa = PBXFileReference; fileEncoding = 4; lastKnownFileType = sourcecode.c.h; path = JDNavigationController.h; sourceTree = "<group>"; };
		EAA944AC1CDEF12D00928507 /* JDNavigationController.m */ = {isa = PBXFileReference; fileEncoding = 4; lastKnownFileType = sourcecode.c.objc; path = JDNavigationController.m; sourceTree = "<group>"; };
		EAA944B01CDEF71500928507 /* JDCustomTabBar.h */ = {isa = PBXFileReference; fileEncoding = 4; lastKnownFileType = sourcecode.c.h; path = JDCustomTabBar.h; sourceTree = "<group>"; };
		EAA944B11CDEF71500928507 /* JDCustomTabBar.m */ = {isa = PBXFileReference; fileEncoding = 4; lastKnownFileType = sourcecode.c.objc; path = JDCustomTabBar.m; sourceTree = "<group>"; };
		EAA944B31CDEF73900928507 /* JDCustomTabBarItem.h */ = {isa = PBXFileReference; fileEncoding = 4; lastKnownFileType = sourcecode.c.h; path = JDCustomTabBarItem.h; sourceTree = "<group>"; };
		EAA944B41CDEF73900928507 /* JDCustomTabBarItem.m */ = {isa = PBXFileReference; fileEncoding = 4; lastKnownFileType = sourcecode.c.objc; path = JDCustomTabBarItem.m; sourceTree = "<group>"; };
		EAA944B61CDF21A200928507 /* UIView+JDExtension.h */ = {isa = PBXFileReference; fileEncoding = 4; lastKnownFileType = sourcecode.c.h; path = "UIView+JDExtension.h"; sourceTree = "<group>"; };
		EAA944B71CDF21A200928507 /* UIView+JDExtension.m */ = {isa = PBXFileReference; fileEncoding = 4; lastKnownFileType = sourcecode.c.objc; path = "UIView+JDExtension.m"; sourceTree = "<group>"; };
		EAB136D61CE80110007C9B44 /* JDComposeToolsBar.h */ = {isa = PBXFileReference; fileEncoding = 4; lastKnownFileType = sourcecode.c.h; path = JDComposeToolsBar.h; sourceTree = "<group>"; };
		EAB136D71CE80110007C9B44 /* JDComposeToolsBar.m */ = {isa = PBXFileReference; fileEncoding = 4; lastKnownFileType = sourcecode.c.objc; path = JDComposeToolsBar.m; sourceTree = "<group>"; };
		EAB136D91CE81781007C9B44 /* JDComposeController.storyboard */ = {isa = PBXFileReference; fileEncoding = 4; lastKnownFileType = file.storyboard; path = JDComposeController.storyboard; sourceTree = "<group>"; };
		EAB136DB1CE8425C007C9B44 /* JDPhotoCell.h */ = {isa = PBXFileReference; fileEncoding = 4; lastKnownFileType = sourcecode.c.h; path = JDPhotoCell.h; sourceTree = "<group>"; };
		EAB136DC1CE8425C007C9B44 /* JDPhotoCell.m */ = {isa = PBXFileReference; fileEncoding = 4; lastKnownFileType = sourcecode.c.objc; path = JDPhotoCell.m; sourceTree = "<group>"; };
		EAB136DE1CE8448A007C9B44 /* JDPhotoController.h */ = {isa = PBXFileReference; fileEncoding = 4; lastKnownFileType = sourcecode.c.h; path = JDPhotoController.h; sourceTree = "<group>"; };
		EAB136DF1CE8448A007C9B44 /* JDPhotoController.m */ = {isa = PBXFileReference; fileEncoding = 4; lastKnownFileType = sourcecode.c.objc; path = JDPhotoController.m; sourceTree = "<group>"; };
		EAEBD43C1CE75C2C00147E08 /* NSDate+JDExtension.h */ = {isa = PBXFileReference; fileEncoding = 4; lastKnownFileType = sourcecode.c.h; path = "NSDate+JDExtension.h"; sourceTree = "<group>"; };
		EAEBD43D1CE75C2C00147E08 /* NSDate+JDExtension.m */ = {isa = PBXFileReference; fileEncoding = 4; lastKnownFileType = sourcecode.c.objc; path = "NSDate+JDExtension.m"; sourceTree = "<group>"; };
		EAEBD4431CE77BD100147E08 /* JDComposeController.h */ = {isa = PBXFileReference; fileEncoding = 4; lastKnownFileType = sourcecode.c.h; path = JDComposeController.h; sourceTree = "<group>"; };
		EAEBD4441CE77BD100147E08 /* JDComposeController.m */ = {isa = PBXFileReference; fileEncoding = 4; lastKnownFileType = sourcecode.c.objc; path = JDComposeController.m; sourceTree = "<group>"; };
		EAEBD4461CE77FA900147E08 /* JDComposeTextView.h */ = {isa = PBXFileReference; fileEncoding = 4; lastKnownFileType = sourcecode.c.h; path = JDComposeTextView.h; sourceTree = "<group>"; };
		EAEBD4471CE77FA900147E08 /* JDComposeTextView.m */ = {isa = PBXFileReference; fileEncoding = 4; lastKnownFileType = sourcecode.c.objc; path = JDComposeTextView.m; sourceTree = "<group>"; };
/* End PBXFileReference section */

/* Begin PBXFrameworksBuildPhase section */
		EAA9444E1CDEE87800928507 /* Frameworks */ = {
			isa = PBXFrameworksBuildPhase;
			buildActionMask = 2147483647;
			files = (
				ECD656EEF890910A835D1322 /* libPods.a in Frameworks */,
			);
			runOnlyForDeploymentPostprocessing = 0;
		};
		EAA944671CDEE87800928507 /* Frameworks */ = {
			isa = PBXFrameworksBuildPhase;
			buildActionMask = 2147483647;
			files = (
			);
			runOnlyForDeploymentPostprocessing = 0;
		};
		EAA944721CDEE87800928507 /* Frameworks */ = {
			isa = PBXFrameworksBuildPhase;
			buildActionMask = 2147483647;
			files = (
			);
			runOnlyForDeploymentPostprocessing = 0;
		};
/* End PBXFrameworksBuildPhase section */

/* Begin PBXGroup section */
		6B65708CF68F5E8F36B61AE7 /* Pods */ = {
			isa = PBXGroup;
			children = (
				04980972AE7171E70245F602 /* Pods.debug.xcconfig */,
				6888E6CE58E9FA5F61673074 /* Pods.release.xcconfig */,
			);
			name = Pods;
			sourceTree = "<group>";
		};
		EA05FE9E1CE0173F004C6756 /* ScanCode */ = {
			isa = PBXGroup;
			children = (
				EA05FE9F1CE017C1004C6756 /* JDScanCodeController.h */,
				EA05FEA01CE017C1004C6756 /* JDScanCodeController.m */,
				EA05FEA21CE017F0004C6756 /* JDScanCodeController.storyboard */,
				EA05FEA41CE02E32004C6756 /* JDQRCodeController.h */,
				EA05FEA51CE02E32004C6756 /* JDQRCodeController.m */,
				EA05FEA71CE02E4E004C6756 /* JDBarCodeController.h */,
				EA05FEA81CE02E4E004C6756 /* JDBarCodeController.m */,
				EA05FEAA1CE0A56F004C6756 /* JDMyIDCardController.h */,
				EA05FEAB1CE0A56F004C6756 /* JDMyIDCardController.m */,
				EA05FEAC1CE0A56F004C6756 /* JDMyIDCardController.xib */,
			);
			name = ScanCode;
			sourceTree = "<group>";
		};
		EA4E3A1C1CE30EDE00DC8612 /* Controller */ = {
			isa = PBXGroup;
			children = (
				EAA944A51CDEEE5300928507 /* JDDiscoverController.h */,
				EAA944A61CDEEE5300928507 /* JDDiscoverController.m */,
			);
			name = Controller;
			sourceTree = "<group>";
		};
		EA4E3A1D1CE30EE900DC8612 /* View */ = {
			isa = PBXGroup;
			children = (
				EA4E3A1F1CE30FBB00DC8612 /* JDCustomSearchBar.h */,
				EA4E3A201CE30FBB00DC8612 /* JDCustomSearchBar.m */,
			);
			name = View;
			sourceTree = "<group>";
		};
		EA4E3A1E1CE30FA000DC8612 /* Model */ = {
			isa = PBXGroup;
			children = (
			);
			name = Model;
			sourceTree = "<group>";
		};
		EA4E3A221CE31C8300DC8612 /* Base */ = {
			isa = PBXGroup;
			children = (
				EA4E3A281CE31E7C00DC8612 /* Model */,
				EA4E3A271CE31E7700DC8612 /* View */,
				EA4E3A231CE31E2400DC8612 /* Controller */,
			);
			name = Base;
			sourceTree = "<group>";
		};
		EA4E3A231CE31E2400DC8612 /* Controller */ = {
			isa = PBXGroup;
			children = (
				EA4E3A241CE31E6900DC8612 /* JDBaseController.h */,
				EA4E3A251CE31E6900DC8612 /* JDBaseController.m */,
			);
			name = Controller;
			sourceTree = "<group>";
		};
		EA4E3A271CE31E7700DC8612 /* View */ = {
			isa = PBXGroup;
			children = (
				EA4E3A291CE31E8F00DC8612 /* JDWelcomeView.h */,
				EA4E3A2A1CE31E8F00DC8612 /* JDWelcomeView.m */,
				EA4E3A2E1CE3201700DC8612 /* JDWelcomeView.xib */,
			);
			name = View;
			sourceTree = "<group>";
		};
		EA4E3A281CE31E7C00DC8612 /* Model */ = {
			isa = PBXGroup;
			children = (
			);
			name = Model;
			sourceTree = "<group>";
		};
		EA870BB11CE56DE100EF9392 /* NewFeature */ = {
			isa = PBXGroup;
			children = (
				EA870BB41CE56E2F00EF9392 /* Model */,
				EA870BB31CE56E2A00EF9392 /* View */,
				EA870BB21CE56E1E00EF9392 /* Controller */,
			);
			name = NewFeature;
			sourceTree = "<group>";
		};
		EA870BB21CE56E1E00EF9392 /* Controller */ = {
			isa = PBXGroup;
			children = (
				EA870BB51CE56E5A00EF9392 /* JDWelcomeController.h */,
				EA870BB61CE56E5A00EF9392 /* JDWelcomeController.m */,
				EA870BB71CE56E5A00EF9392 /* JDWelcomeController.xib */,
				EA870BBA1CE56E7500EF9392 /* JDNewFeatureController.h */,
				EA870BBB1CE56E7500EF9392 /* JDNewFeatureController.m */,
				EA870BBC1CE56E7500EF9392 /* JDNewFeatureController.xib */,
			);
			name = Controller;
			sourceTree = "<group>";
		};
		EA870BB31CE56E2A00EF9392 /* View */ = {
			isa = PBXGroup;
			children = (
			);
			name = View;
			sourceTree = "<group>";
		};
		EA870BB41CE56E2F00EF9392 /* Model */ = {
			isa = PBXGroup;
			children = (
			);
			name = Model;
			sourceTree = "<group>";
		};
		EAA6F4261CE3869600574B04 /* OAuth */ = {
			isa = PBXGroup;
			children = (
				EAA6F4291CE386AE00574B04 /* Model */,
				EAA6F4281CE386A700574B04 /* View */,
				EAA6F4271CE3869F00574B04 /* Controller */,
			);
			name = OAuth;
			sourceTree = "<group>";
		};
		EAA6F4271CE3869F00574B04 /* Controller */ = {
			isa = PBXGroup;
			children = (
				EAA6F42A1CE388C600574B04 /* JDLoginController.h */,
				EAA6F42B1CE388C600574B04 /* JDLoginController.m */,
			);
			name = Controller;
			sourceTree = "<group>";
		};
		EAA6F4281CE386A700574B04 /* View */ = {
			isa = PBXGroup;
			children = (
			);
			name = View;
			sourceTree = "<group>";
		};
		EAA6F4291CE386AE00574B04 /* Model */ = {
			isa = PBXGroup;
			children = (
				EA870BAB1CE550D800EF9392 /* JDAccountModel.h */,
				EA870BAC1CE550D800EF9392 /* JDAccountModel.m */,
			);
			name = Model;
			sourceTree = "<group>";
		};
		EAA944481CDEE87800928507 = {
			isa = PBXGroup;
			children = (
				EAA944531CDEE87800928507 /* 新浪微博(OC版) */,
				EAA9446D1CDEE87800928507 /* 新浪微博(OC版)Tests */,
				EAA944781CDEE87800928507 /* 新浪微博(OC版)UITests */,
				EAA944521CDEE87800928507 /* Products */,
				6B65708CF68F5E8F36B61AE7 /* Pods */,
				F568B57F0236C3A7A4473095 /* Frameworks */,
			);
			sourceTree = "<group>";
		};
		EAA944521CDEE87800928507 /* Products */ = {
			isa = PBXGroup;
			children = (
				EAA944511CDEE87800928507 /* 新浪微博(OC版).app */,
				EAA9446A1CDEE87800928507 /* 新浪微博(OC版)Tests.xctest */,
				EAA944751CDEE87800928507 /* 新浪微博(OC版)UITests.xctest */,
			);
			name = Products;
			sourceTree = "<group>";
		};
		EAA944531CDEE87800928507 /* 新浪微博(OC版) */ = {
			isa = PBXGroup;
			children = (
				EAA944921CDEEAA000928507 /* Classes */,
				EAA944541CDEE87800928507 /* Supporting Files */,
			);
			path = "新浪微博(OC版)";
			sourceTree = "<group>";
		};
		EAA944541CDEE87800928507 /* Supporting Files */ = {
			isa = PBXGroup;
			children = (
				EAA944601CDEE87800928507 /* Assets.xcassets */,
				EAA944651CDEE87800928507 /* Info.plist */,
				EAA944551CDEE87800928507 /* main.m */,
			);
			name = "Supporting Files";
			sourceTree = "<group>";
		};
		EAA9446D1CDEE87800928507 /* 新浪微博(OC版)Tests */ = {
			isa = PBXGroup;
			children = (
				EAA9446E1CDEE87800928507 /* _____OC__Tests.m */,
				EAA944701CDEE87800928507 /* Info.plist */,
			);
			path = "新浪微博(OC版)Tests";
			sourceTree = "<group>";
		};
		EAA944781CDEE87800928507 /* 新浪微博(OC版)UITests */ = {
			isa = PBXGroup;
			children = (
				EAA944791CDEE87800928507 /* _____OC__UITests.m */,
				EAA9447B1CDEE87800928507 /* Info.plist */,
			);
			path = "新浪微博(OC版)UITests";
			sourceTree = "<group>";
		};
		EAA944881CDEE92E00928507 /* Home */ = {
			isa = PBXGroup;
			children = (
				EAA944991CDEEDB100928507 /* Model */,
				EAA944981CDEEDAB00928507 /* View */,
				EAA944971CDEEDA500928507 /* Controller */,
			);
			name = Home;
			sourceTree = "<group>";
		};
		EAA944891CDEE93300928507 /* Profile */ = {
			isa = PBXGroup;
			children = (
				EAA9449D1CDEEDE400928507 /* Controller */,
			);
			name = Profile;
			sourceTree = "<group>";
		};
		EAA9448A1CDEE97200928507 /* Message */ = {
			isa = PBXGroup;
			children = (
				EAA944A11CDEEDFC00928507 /* Controller */,
			);
			name = Message;
			sourceTree = "<group>";
		};
		EAA9448B1CDEE97B00928507 /* Discover */ = {
			isa = PBXGroup;
			children = (
				EA4E3A1E1CE30FA000DC8612 /* Model */,
				EA4E3A1D1CE30EE900DC8612 /* View */,
				EA4E3A1C1CE30EDE00DC8612 /* Controller */,
			);
			name = Discover;
			sourceTree = "<group>";
		};
		EAA9448C1CDEE98300928507 /* Others */ = {
			isa = PBXGroup;
			children = (
				EAA944871CDEE92A00928507 /* JDWeiboHeaders.pch */,
				EAA9448F1CDEE9F900928507 /* JDAppDelegate.h */,
				EAA944901CDEE9F900928507 /* JDAppDelegate.m */,
			);
			name = Others;
			sourceTree = "<group>";
		};
		EAA9448D1CDEE98800928507 /* Main */ = {
			isa = PBXGroup;
			children = (
				EAA944AF1CDEF6FC00928507 /* View */,
				EAA944AE1CDEF6F700928507 /* Model */,
				EAA944931CDEEBEF00928507 /* Controller */,
			);
			name = Main;
			sourceTree = "<group>";
		};
		EAA9448E1CDEE9A300928507 /* Category */ = {
			isa = PBXGroup;
			children = (
				EAA944A81CDEEF5C00928507 /* UIImage+JDExtension.h */,
				EAA944A91CDEEF5C00928507 /* UIImage+JDExtension.m */,
				EAA944B61CDF21A200928507 /* UIView+JDExtension.h */,
				EAA944B71CDF21A200928507 /* UIView+JDExtension.m */,
				EA05FE9B1CE00C10004C6756 /* UIBarButtonItem+JDExtension.h */,
				EA05FE9C1CE00C10004C6756 /* UIBarButtonItem+JDExtension.m */,
				EA870BAE1CE55AB300EF9392 /* NSString+JDExtension.h */,
				EA870BAF1CE55AB300EF9392 /* NSString+JDExtension.m */,
				EA5247DF1CE6D1B2001EFFCB /* UIWindow+JDExtension.h */,
				EA5247E01CE6D1B2001EFFCB /* UIWindow+JDExtension.m */,
				EAEBD43C1CE75C2C00147E08 /* NSDate+JDExtension.h */,
				EAEBD43D1CE75C2C00147E08 /* NSDate+JDExtension.m */,
			);
			name = Category;
			sourceTree = "<group>";
		};
		EAA944921CDEEAA000928507 /* Classes */ = {
			isa = PBXGroup;
			children = (
				EAEBD43F1CE77B9300147E08 /* Compose */,
				EA870BB11CE56DE100EF9392 /* NewFeature */,
				EAA6F4261CE3869600574B04 /* OAuth */,
				EA4E3A221CE31C8300DC8612 /* Base */,
				EAA944881CDEE92E00928507 /* Home */,
				EAA944891CDEE93300928507 /* Profile */,
				EAA9448A1CDEE97200928507 /* Message */,
				EAA9448B1CDEE97B00928507 /* Discover */,
				EAA9448C1CDEE98300928507 /* Others */,
				EAA9448D1CDEE98800928507 /* Main */,
				EAA9448E1CDEE9A300928507 /* Category */,
			);
			name = Classes;
			sourceTree = "<group>";
		};
		EAA944931CDEEBEF00928507 /* Controller */ = {
			isa = PBXGroup;
			children = (
				EAA944AB1CDEF12D00928507 /* JDNavigationController.h */,
				EAA944AC1CDEF12D00928507 /* JDNavigationController.m */,
				EAA944941CDEEC0E00928507 /* JDTabBarController.h */,
				EAA944951CDEEC0E00928507 /* JDTabBarController.m */,
			);
			name = Controller;
			sourceTree = "<group>";
		};
		EAA944971CDEEDA500928507 /* Controller */ = {
			isa = PBXGroup;
			children = (
				EA05FE9E1CE0173F004C6756 /* ScanCode */,
				EAA9449A1CDEEDD100928507 /* JDHomeController.h */,
				EAA9449B1CDEEDD100928507 /* JDHomeController.m */,
				EA4E3A191CE3054D00DC8612 /* JDMenuContentController.h */,
				EA4E3A1A1CE3054D00DC8612 /* JDMenuContentController.m */,
			);
			name = Controller;
			sourceTree = "<group>";
		};
		EAA944981CDEEDAB00928507 /* View */ = {
			isa = PBXGroup;
			children = (
				EA4E3A131CE1774B00DC8612 /* JDCustomTitleView.h */,
				EA4E3A141CE1774B00DC8612 /* JDCustomTitleView.m */,
				EA5247E21CE6EF41001EFFCB /* JDWeiboCell.h */,
				EA5247E31CE6EF41001EFFCB /* JDWeiboCell.m */,
			);
			name = View;
			sourceTree = "<group>";
		};
		EAA944991CDEEDB100928507 /* Model */ = {
			isa = PBXGroup;
			children = (
				EA5247E51CE6F6A1001EFFCB /* JDStatusModel.h */,
				EA5247E61CE6F6A1001EFFCB /* JDStatusModel.m */,
				EA5247E81CE6F6B1001EFFCB /* JDPhotoModel.h */,
				EA5247E91CE6F6B1001EFFCB /* JDPhotoModel.m */,
				EA5247EB1CE6F6C0001EFFCB /* JDUserModel.h */,
				EA5247EC1CE6F6C0001EFFCB /* JDUserModel.m */,
			);
			name = Model;
			sourceTree = "<group>";
		};
		EAA9449D1CDEEDE400928507 /* Controller */ = {
			isa = PBXGroup;
			children = (
				EAA9449E1CDEEDF700928507 /* JDProfileController.h */,
				EAA9449F1CDEEDF700928507 /* JDProfileController.m */,
			);
			name = Controller;
			sourceTree = "<group>";
		};
		EAA944A11CDEEDFC00928507 /* Controller */ = {
			isa = PBXGroup;
			children = (
				EAA944A21CDEEE0D00928507 /* JDMessageController.h */,
				EAA944A31CDEEE0D00928507 /* JDMessageController.m */,
			);
			name = Controller;
			sourceTree = "<group>";
		};
		EAA944AE1CDEF6F700928507 /* Model */ = {
			isa = PBXGroup;
			children = (
			);
			name = Model;
			sourceTree = "<group>";
		};
		EAA944AF1CDEF6FC00928507 /* View */ = {
			isa = PBXGroup;
			children = (
				EAA944B01CDEF71500928507 /* JDCustomTabBar.h */,
				EAA944B11CDEF71500928507 /* JDCustomTabBar.m */,
				EAA944B31CDEF73900928507 /* JDCustomTabBarItem.h */,
				EAA944B41CDEF73900928507 /* JDCustomTabBarItem.m */,
			);
			name = View;
			sourceTree = "<group>";
		};
		EAEBD43F1CE77B9300147E08 /* Compose */ = {
			isa = PBXGroup;
			children = (
				EAEBD4421CE77BA500147E08 /* Controller */,
				EAEBD4411CE77BA000147E08 /* View */,
				EAEBD4401CE77B9B00147E08 /* Model */,
			);
			name = Compose;
			sourceTree = "<group>";
		};
		EAEBD4401CE77B9B00147E08 /* Model */ = {
			isa = PBXGroup;
			children = (
			);
			name = Model;
			sourceTree = "<group>";
		};
		EAEBD4411CE77BA000147E08 /* View */ = {
			isa = PBXGroup;
			children = (
				EAEBD4461CE77FA900147E08 /* JDComposeTextView.h */,
				EAEBD4471CE77FA900147E08 /* JDComposeTextView.m */,
				EAB136D61CE80110007C9B44 /* JDComposeToolsBar.h */,
				EAB136D71CE80110007C9B44 /* JDComposeToolsBar.m */,
				EAB136DB1CE8425C007C9B44 /* JDPhotoCell.h */,
				EAB136DC1CE8425C007C9B44 /* JDPhotoCell.m */,
			);
			name = View;
			sourceTree = "<group>";
		};
		EAEBD4421CE77BA500147E08 /* Controller */ = {
			isa = PBXGroup;
			children = (
				EAEBD4431CE77BD100147E08 /* JDComposeController.h */,
				EAEBD4441CE77BD100147E08 /* JDComposeController.m */,
				EAB136D91CE81781007C9B44 /* JDComposeController.storyboard */,
				EAB136DE1CE8448A007C9B44 /* JDPhotoController.h */,
				EAB136DF1CE8448A007C9B44 /* JDPhotoController.m */,
			);
			name = Controller;
			sourceTree = "<group>";
		};
		F568B57F0236C3A7A4473095 /* Frameworks */ = {
			isa = PBXGroup;
			children = (
				B7A4C93A61DEC42F4986C0F1 /* libPods.a */,
			);
			name = Frameworks;
			sourceTree = "<group>";
		};
/* End PBXGroup section */

/* Begin PBXNativeTarget section */
		EAA944501CDEE87800928507 /* 新浪微博(OC版) */ = {
			isa = PBXNativeTarget;
			buildConfigurationList = EAA9447E1CDEE87800928507 /* Build configuration list for PBXNativeTarget "新浪微博(OC版)" */;
			buildPhases = (
				54F071E6077EE1225EA6E46F /* Check Pods Manifest.lock */,
				EAA9444D1CDEE87800928507 /* Sources */,
				EAA9444E1CDEE87800928507 /* Frameworks */,
				EAA9444F1CDEE87800928507 /* Resources */,
				112CBB561122639B6A737807 /* Embed Pods Frameworks */,
				DED74D0AD691EC80705C934C /* Copy Pods Resources */,
			);
			buildRules = (
			);
			dependencies = (
			);
			name = "新浪微博(OC版)";
			productName = "新浪微博(OC版)";
			productReference = EAA944511CDEE87800928507 /* 新浪微博(OC版).app */;
			productType = "com.apple.product-type.application";
		};
		EAA944691CDEE87800928507 /* 新浪微博(OC版)Tests */ = {
			isa = PBXNativeTarget;
			buildConfigurationList = EAA944811CDEE87800928507 /* Build configuration list for PBXNativeTarget "新浪微博(OC版)Tests" */;
			buildPhases = (
				EAA944661CDEE87800928507 /* Sources */,
				EAA944671CDEE87800928507 /* Frameworks */,
				EAA944681CDEE87800928507 /* Resources */,
			);
			buildRules = (
			);
			dependencies = (
				EAA9446C1CDEE87800928507 /* PBXTargetDependency */,
			);
			name = "新浪微博(OC版)Tests";
			productName = "新浪微博(OC版)Tests";
			productReference = EAA9446A1CDEE87800928507 /* 新浪微博(OC版)Tests.xctest */;
			productType = "com.apple.product-type.bundle.unit-test";
		};
		EAA944741CDEE87800928507 /* 新浪微博(OC版)UITests */ = {
			isa = PBXNativeTarget;
			buildConfigurationList = EAA944841CDEE87800928507 /* Build configuration list for PBXNativeTarget "新浪微博(OC版)UITests" */;
			buildPhases = (
				EAA944711CDEE87800928507 /* Sources */,
				EAA944721CDEE87800928507 /* Frameworks */,
				EAA944731CDEE87800928507 /* Resources */,
			);
			buildRules = (
			);
			dependencies = (
				EAA944771CDEE87800928507 /* PBXTargetDependency */,
			);
			name = "新浪微博(OC版)UITests";
			productName = "新浪微博(OC版)UITests";
			productReference = EAA944751CDEE87800928507 /* 新浪微博(OC版)UITests.xctest */;
			productType = "com.apple.product-type.bundle.ui-testing";
		};
/* End PBXNativeTarget section */

/* Begin PBXProject section */
		EAA944491CDEE87800928507 /* Project object */ = {
			isa = PBXProject;
			attributes = {
				CLASSPREFIX = JD;
				LastUpgradeCheck = 0730;
				ORGANIZATIONNAME = Google;
				TargetAttributes = {
					EAA944501CDEE87800928507 = {
						CreatedOnToolsVersion = 7.3.1;
					};
					EAA944691CDEE87800928507 = {
						CreatedOnToolsVersion = 7.3.1;
						TestTargetID = EAA944501CDEE87800928507;
					};
					EAA944741CDEE87800928507 = {
						CreatedOnToolsVersion = 7.3.1;
						TestTargetID = EAA944501CDEE87800928507;
					};
				};
			};
			buildConfigurationList = EAA9444C1CDEE87800928507 /* Build configuration list for PBXProject "新浪微博(OC版)" */;
			compatibilityVersion = "Xcode 3.2";
			developmentRegion = English;
			hasScannedForEncodings = 0;
			knownRegions = (
				en,
				Base,
			);
			mainGroup = EAA944481CDEE87800928507;
			productRefGroup = EAA944521CDEE87800928507 /* Products */;
			projectDirPath = "";
			projectRoot = "";
			targets = (
				EAA944501CDEE87800928507 /* 新浪微博(OC版) */,
				EAA944691CDEE87800928507 /* 新浪微博(OC版)Tests */,
				EAA944741CDEE87800928507 /* 新浪微博(OC版)UITests */,
			);
		};
/* End PBXProject section */

/* Begin PBXResourcesBuildPhase section */
		EAA9444F1CDEE87800928507 /* Resources */ = {
			isa = PBXResourcesBuildPhase;
			buildActionMask = 2147483647;
			files = (
				EA870BB91CE56E5A00EF9392 /* JDWelcomeController.xib in Resources */,
				EA05FEA31CE017F0004C6756 /* JDScanCodeController.storyboard in Resources */,
				EAB136DA1CE81781007C9B44 /* JDComposeController.storyboard in Resources */,
				EAA944611CDEE87800928507 /* Assets.xcassets in Resources */,
				EA05FEAE1CE0A56F004C6756 /* JDMyIDCardController.xib in Resources */,
				EA870BBE1CE56E7500EF9392 /* JDNewFeatureController.xib in Resources */,
				EA4E3A2F1CE3201700DC8612 /* JDWelcomeView.xib in Resources */,
			);
			runOnlyForDeploymentPostprocessing = 0;
		};
		EAA944681CDEE87800928507 /* Resources */ = {
			isa = PBXResourcesBuildPhase;
			buildActionMask = 2147483647;
			files = (
			);
			runOnlyForDeploymentPostprocessing = 0;
		};
		EAA944731CDEE87800928507 /* Resources */ = {
			isa = PBXResourcesBuildPhase;
			buildActionMask = 2147483647;
			files = (
			);
			runOnlyForDeploymentPostprocessing = 0;
		};
/* End PBXResourcesBuildPhase section */

/* Begin PBXShellScriptBuildPhase section */
		112CBB561122639B6A737807 /* Embed Pods Frameworks */ = {
			isa = PBXShellScriptBuildPhase;
			buildActionMask = 2147483647;
			files = (
			);
			inputPaths = (
			);
			name = "Embed Pods Frameworks";
			outputPaths = (
			);
			runOnlyForDeploymentPostprocessing = 0;
			shellPath = /bin/sh;
			shellScript = "\"${SRCROOT}/Pods/Target Support Files/Pods/Pods-frameworks.sh\"\n";
			showEnvVarsInLog = 0;
		};
		54F071E6077EE1225EA6E46F /* Check Pods Manifest.lock */ = {
			isa = PBXShellScriptBuildPhase;
			buildActionMask = 2147483647;
			files = (
			);
			inputPaths = (
			);
			name = "Check Pods Manifest.lock";
			outputPaths = (
			);
			runOnlyForDeploymentPostprocessing = 0;
			shellPath = /bin/sh;
			shellScript = "diff \"${PODS_ROOT}/../Podfile.lock\" \"${PODS_ROOT}/Manifest.lock\" > /dev/null\nif [[ $? != 0 ]] ; then\n    cat << EOM\nerror: The sandbox is not in sync with the Podfile.lock. Run 'pod install' or update your CocoaPods installation.\nEOM\n    exit 1\nfi\n";
			showEnvVarsInLog = 0;
		};
		DED74D0AD691EC80705C934C /* Copy Pods Resources */ = {
			isa = PBXShellScriptBuildPhase;
			buildActionMask = 2147483647;
			files = (
			);
			inputPaths = (
			);
			name = "Copy Pods Resources";
			outputPaths = (
			);
			runOnlyForDeploymentPostprocessing = 0;
			shellPath = /bin/sh;
			shellScript = "\"${SRCROOT}/Pods/Target Support Files/Pods/Pods-resources.sh\"\n";
			showEnvVarsInLog = 0;
		};
/* End PBXShellScriptBuildPhase section */

/* Begin PBXSourcesBuildPhase section */
		EAA9444D1CDEE87800928507 /* Sources */ = {
			isa = PBXSourcesBuildPhase;
			buildActionMask = 2147483647;
			files = (
				EAA9449C1CDEEDD100928507 /* JDHomeController.m in Sources */,
				EA5247E11CE6D1B2001EFFCB /* UIWindow+JDExtension.m in Sources */,
				EA870BBD1CE56E7500EF9392 /* JDNewFeatureController.m in Sources */,
				EAA944A41CDEEE0D00928507 /* JDMessageController.m in Sources */,
				EA4E3A211CE30FBB00DC8612 /* JDCustomSearchBar.m in Sources */,
				EA05FEA91CE02E4E004C6756 /* JDBarCodeController.m in Sources */,
				EAB136E01CE8448A007C9B44 /* JDPhotoController.m in Sources */,
				EA5247ED1CE6F6C0001EFFCB /* JDUserModel.m in Sources */,
				EAA944911CDEE9F900928507 /* JDAppDelegate.m in Sources */,
				EAB136D81CE80110007C9B44 /* JDComposeToolsBar.m in Sources */,
				EA870BB01CE55AB300EF9392 /* NSString+JDExtension.m in Sources */,
				EAA944961CDEEC0E00928507 /* JDTabBarController.m in Sources */,
				EAA944561CDEE87800928507 /* main.m in Sources */,
				EA870BAD1CE550D800EF9392 /* JDAccountModel.m in Sources */,
				EA5247E71CE6F6A1001EFFCB /* JDStatusModel.m in Sources */,
				EAA944AD1CDEF12D00928507 /* JDNavigationController.m in Sources */,
				EAEBD4451CE77BD100147E08 /* JDComposeController.m in Sources */,
				EAB136DD1CE8425C007C9B44 /* JDPhotoCell.m in Sources */,
				EAA944B81CDF21A200928507 /* UIView+JDExtension.m in Sources */,
				EA4E3A2B1CE31E8F00DC8612 /* JDWelcomeView.m in Sources */,
				EAA944A71CDEEE5300928507 /* JDDiscoverController.m in Sources */,
				EAA944B51CDEF73900928507 /* JDCustomTabBarItem.m in Sources */,
				EA05FEAD1CE0A56F004C6756 /* JDMyIDCardController.m in Sources */,
				EAA944A01CDEEDF700928507 /* JDProfileController.m in Sources */,
				EAA944B21CDEF71500928507 /* JDCustomTabBar.m in Sources */,
				EAA6F42C1CE388C600574B04 /* JDLoginController.m in Sources */,
				EA05FEA11CE017C1004C6756 /* JDScanCodeController.m in Sources */,
				EAEBD43E1CE75C2C00147E08 /* NSDate+JDExtension.m in Sources */,
				EA4E3A261CE31E6900DC8612 /* JDBaseController.m in Sources */,
				EAEBD4481CE77FA900147E08 /* JDComposeTextView.m in Sources */,
				EA05FEA61CE02E32004C6756 /* JDQRCodeController.m in Sources */,
				EAA944AA1CDEEF5C00928507 /* UIImage+JDExtension.m in Sources */,
				EA870BB81CE56E5A00EF9392 /* JDWelcomeController.m in Sources */,
				EA4E3A1B1CE3054D00DC8612 /* JDMenuContentController.m in Sources */,
				EA4E3A151CE1774B00DC8612 /* JDCustomTitleView.m in Sources */,
				EA5247EA1CE6F6B1001EFFCB /* JDPhotoModel.m in Sources */,
				EA5247E41CE6EF41001EFFCB /* JDWeiboCell.m in Sources */,
				EA05FE9D1CE00C10004C6756 /* UIBarButtonItem+JDExtension.m in Sources */,
			);
			runOnlyForDeploymentPostprocessing = 0;
		};
		EAA944661CDEE87800928507 /* Sources */ = {
			isa = PBXSourcesBuildPhase;
			buildActionMask = 2147483647;
			files = (
				EAA9446F1CDEE87800928507 /* _____OC__Tests.m in Sources */,
			);
			runOnlyForDeploymentPostprocessing = 0;
		};
		EAA944711CDEE87800928507 /* Sources */ = {
			isa = PBXSourcesBuildPhase;
			buildActionMask = 2147483647;
			files = (
				EAA9447A1CDEE87800928507 /* _____OC__UITests.m in Sources */,
			);
			runOnlyForDeploymentPostprocessing = 0;
		};
/* End PBXSourcesBuildPhase section */

/* Begin PBXTargetDependency section */
		EAA9446C1CDEE87800928507 /* PBXTargetDependency */ = {
			isa = PBXTargetDependency;
			target = EAA944501CDEE87800928507 /* 新浪微博(OC版) */;
			targetProxy = EAA9446B1CDEE87800928507 /* PBXContainerItemProxy */;
		};
		EAA944771CDEE87800928507 /* PBXTargetDependency */ = {
			isa = PBXTargetDependency;
			target = EAA944501CDEE87800928507 /* 新浪微博(OC版) */;
			targetProxy = EAA944761CDEE87800928507 /* PBXContainerItemProxy */;
		};
/* End PBXTargetDependency section */

/* Begin XCBuildConfiguration section */
		EAA9447C1CDEE87800928507 /* Debug */ = {
			isa = XCBuildConfiguration;
			buildSettings = {
				ALWAYS_SEARCH_USER_PATHS = NO;
				CLANG_ANALYZER_NONNULL = YES;
				CLANG_CXX_LANGUAGE_STANDARD = "gnu++0x";
				CLANG_CXX_LIBRARY = "libc++";
				CLANG_ENABLE_MODULES = YES;
				CLANG_ENABLE_OBJC_ARC = YES;
				CLANG_WARN_BOOL_CONVERSION = YES;
				CLANG_WARN_CONSTANT_CONVERSION = YES;
				CLANG_WARN_DIRECT_OBJC_ISA_USAGE = YES_ERROR;
				CLANG_WARN_EMPTY_BODY = YES;
				CLANG_WARN_ENUM_CONVERSION = YES;
				CLANG_WARN_INT_CONVERSION = YES;
				CLANG_WARN_OBJC_ROOT_CLASS = YES_ERROR;
				CLANG_WARN_UNREACHABLE_CODE = YES;
				CLANG_WARN__DUPLICATE_METHOD_MATCH = YES;
				"CODE_SIGN_IDENTITY[sdk=iphoneos*]" = "iPhone Developer";
				COPY_PHASE_STRIP = NO;
				DEBUG_INFORMATION_FORMAT = dwarf;
				ENABLE_STRICT_OBJC_MSGSEND = YES;
				ENABLE_TESTABILITY = YES;
				GCC_C_LANGUAGE_STANDARD = gnu99;
				GCC_DYNAMIC_NO_PIC = NO;
				GCC_NO_COMMON_BLOCKS = YES;
				GCC_OPTIMIZATION_LEVEL = 0;
				GCC_PREPROCESSOR_DEFINITIONS = (
					"DEBUG=1",
					"$(inherited)",
				);
				GCC_WARN_64_TO_32_BIT_CONVERSION = YES;
				GCC_WARN_ABOUT_RETURN_TYPE = YES_ERROR;
				GCC_WARN_UNDECLARED_SELECTOR = YES;
				GCC_WARN_UNINITIALIZED_AUTOS = YES_AGGRESSIVE;
				GCC_WARN_UNUSED_FUNCTION = YES;
				GCC_WARN_UNUSED_VARIABLE = YES;
				IPHONEOS_DEPLOYMENT_TARGET = 9.3;
				MTL_ENABLE_DEBUG_INFO = YES;
				ONLY_ACTIVE_ARCH = YES;
				SDKROOT = iphoneos;
			};
			name = Debug;
		};
		EAA9447D1CDEE87800928507 /* Release */ = {
			isa = XCBuildConfiguration;
			buildSettings = {
				ALWAYS_SEARCH_USER_PATHS = NO;
				CLANG_ANALYZER_NONNULL = YES;
				CLANG_CXX_LANGUAGE_STANDARD = "gnu++0x";
				CLANG_CXX_LIBRARY = "libc++";
				CLANG_ENABLE_MODULES = YES;
				CLANG_ENABLE_OBJC_ARC = YES;
				CLANG_WARN_BOOL_CONVERSION = YES;
				CLANG_WARN_CONSTANT_CONVERSION = YES;
				CLANG_WARN_DIRECT_OBJC_ISA_USAGE = YES_ERROR;
				CLANG_WARN_EMPTY_BODY = YES;
				CLANG_WARN_ENUM_CONVERSION = YES;
				CLANG_WARN_INT_CONVERSION = YES;
				CLANG_WARN_OBJC_ROOT_CLASS = YES_ERROR;
				CLANG_WARN_UNREACHABLE_CODE = YES;
				CLANG_WARN__DUPLICATE_METHOD_MATCH = YES;
				"CODE_SIGN_IDENTITY[sdk=iphoneos*]" = "iPhone Developer";
				COPY_PHASE_STRIP = NO;
				DEBUG_INFORMATION_FORMAT = "dwarf-with-dsym";
				ENABLE_NS_ASSERTIONS = NO;
				ENABLE_STRICT_OBJC_MSGSEND = YES;
				GCC_C_LANGUAGE_STANDARD = gnu99;
				GCC_NO_COMMON_BLOCKS = YES;
				GCC_WARN_64_TO_32_BIT_CONVERSION = YES;
				GCC_WARN_ABOUT_RETURN_TYPE = YES_ERROR;
				GCC_WARN_UNDECLARED_SELECTOR = YES;
				GCC_WARN_UNINITIALIZED_AUTOS = YES_AGGRESSIVE;
				GCC_WARN_UNUSED_FUNCTION = YES;
				GCC_WARN_UNUSED_VARIABLE = YES;
				IPHONEOS_DEPLOYMENT_TARGET = 9.3;
				MTL_ENABLE_DEBUG_INFO = NO;
				SDKROOT = iphoneos;
				VALIDATE_PRODUCT = YES;
			};
			name = Release;
		};
		EAA9447F1CDEE87800928507 /* Debug */ = {
			isa = XCBuildConfiguration;
			baseConfigurationReference = 04980972AE7171E70245F602 /* Pods.debug.xcconfig */;
			buildSettings = {
				ASSETCATALOG_COMPILER_APPICON_NAME = AppIcon;
				ASSETCATALOG_COMPILER_LAUNCHIMAGE_NAME = LaunchImage;
				GCC_PREFIX_HEADER = "$(SRCROOT)/新浪微博(OC版)/JDWeiboHeaders.pch";
				INFOPLIST_FILE = "新浪微博(OC版)/Info.plist";
				LD_RUNPATH_SEARCH_PATHS = "$(inherited) @executable_path/Frameworks";
				PRODUCT_BUNDLE_IDENTIFIER = "hk.google.www.-----OC--";
				PRODUCT_NAME = "$(TARGET_NAME)";
			};
			name = Debug;
		};
		EAA944801CDEE87800928507 /* Release */ = {
			isa = XCBuildConfiguration;
			baseConfigurationReference = 6888E6CE58E9FA5F61673074 /* Pods.release.xcconfig */;
			buildSettings = {
				ASSETCATALOG_COMPILER_APPICON_NAME = AppIcon;
				ASSETCATALOG_COMPILER_LAUNCHIMAGE_NAME = LaunchImage;
				GCC_PREFIX_HEADER = "$(SRCROOT)/新浪微博(OC版)/JDWeiboHeaders.pch";
				INFOPLIST_FILE = "新浪微博(OC版)/Info.plist";
				LD_RUNPATH_SEARCH_PATHS = "$(inherited) @executable_path/Frameworks";
				PRODUCT_BUNDLE_IDENTIFIER = "hk.google.www.-----OC--";
				PRODUCT_NAME = "$(TARGET_NAME)";
			};
			name = Release;
		};
		EAA944821CDEE87800928507 /* Debug */ = {
			isa = XCBuildConfiguration;
			buildSettings = {
				BUNDLE_LOADER = "$(TEST_HOST)";
				INFOPLIST_FILE = "新浪微博(OC版)Tests/Info.plist";
				LD_RUNPATH_SEARCH_PATHS = "$(inherited) @executable_path/Frameworks @loader_path/Frameworks";
				PRODUCT_BUNDLE_IDENTIFIER = "hk.google.www.-----OC--Tests";
				PRODUCT_NAME = "$(TARGET_NAME)";
				TEST_HOST = "$(BUILT_PRODUCTS_DIR)/新浪微博(OC版).app/新浪微博(OC版)";
			};
			name = Debug;
		};
		EAA944831CDEE87800928507 /* Release */ = {
			isa = XCBuildConfiguration;
			buildSettings = {
				BUNDLE_LOADER = "$(TEST_HOST)";
				INFOPLIST_FILE = "新浪微博(OC版)Tests/Info.plist";
				LD_RUNPATH_SEARCH_PATHS = "$(inherited) @executable_path/Frameworks @loader_path/Frameworks";
				PRODUCT_BUNDLE_IDENTIFIER = "hk.google.www.-----OC--Tests";
				PRODUCT_NAME = "$(TARGET_NAME)";
				TEST_HOST = "$(BUILT_PRODUCTS_DIR)/新浪微博(OC版).app/新浪微博(OC版)";
			};
			name = Release;
		};
		EAA944851CDEE87800928507 /* Debug */ = {
			isa = XCBuildConfiguration;
			buildSettings = {
				INFOPLIST_FILE = "新浪微博(OC版)UITests/Info.plist";
				LD_RUNPATH_SEARCH_PATHS = "$(inherited) @executable_path/Frameworks @loader_path/Frameworks";
				PRODUCT_BUNDLE_IDENTIFIER = "hk.google.www.-----OC--UITests";
				PRODUCT_NAME = "$(TARGET_NAME)";
				TEST_TARGET_NAME = "新浪微博(OC版)";
			};
			name = Debug;
		};
		EAA944861CDEE87800928507 /* Release */ = {
			isa = XCBuildConfiguration;
			buildSettings = {
				INFOPLIST_FILE = "新浪微博(OC版)UITests/Info.plist";
				LD_RUNPATH_SEARCH_PATHS = "$(inherited) @executable_path/Frameworks @loader_path/Frameworks";
				PRODUCT_BUNDLE_IDENTIFIER = "hk.google.www.-----OC--UITests";
				PRODUCT_NAME = "$(TARGET_NAME)";
				TEST_TARGET_NAME = "新浪微博(OC版)";
			};
			name = Release;
		};
/* End XCBuildConfiguration section */

/* Begin XCConfigurationList section */
		EAA9444C1CDEE87800928507 /* Build configuration list for PBXProject "新浪微博(OC版)" */ = {
			isa = XCConfigurationList;
			buildConfigurations = (
				EAA9447C1CDEE87800928507 /* Debug */,
				EAA9447D1CDEE87800928507 /* Release */,
			);
			defaultConfigurationIsVisible = 0;
			defaultConfigurationName = Release;
		};
		EAA9447E1CDEE87800928507 /* Build configuration list for PBXNativeTarget "新浪微博(OC版)" */ = {
			isa = XCConfigurationList;
			buildConfigurations = (
				EAA9447F1CDEE87800928507 /* Debug */,
				EAA944801CDEE87800928507 /* Release */,
			);
			defaultConfigurationIsVisible = 0;
			defaultConfigurationName = Release;
		};
		EAA944811CDEE87800928507 /* Build configuration list for PBXNativeTarget "新浪微博(OC版)Tests" */ = {
			isa = XCConfigurationList;
			buildConfigurations = (
				EAA944821CDEE87800928507 /* Debug */,
				EAA944831CDEE87800928507 /* Release */,
			);
			defaultConfigurationIsVisible = 0;
			defaultConfigurationName = Release;
		};
		EAA944841CDEE87800928507 /* Build configuration list for PBXNativeTarget "新浪微博(OC版)UITests" */ = {
			isa = XCConfigurationList;
			buildConfigurations = (
				EAA944851CDEE87800928507 /* Debug */,
				EAA944861CDEE87800928507 /* Release */,
			);
			defaultConfigurationIsVisible = 0;
			defaultConfigurationName = Release;
		};
/* End XCConfigurationList section */
	};
	rootObject = EAA944491CDEE87800928507 /* Project object */;
}
