// !$*UTF8*$!
{
	archiveVersion = 1;
	classes = {
	};
	objectVersion = 46;
	objects = {

/* Begin PBXBuildFile section */
		1E2606431CA3F6A100AC1105 /* JDHomeController.m in Sources */ = {isa = PBXBuildFile; fileRef = 1E2606421CA3F6A100AC1105 /* JDHomeController.m */; };
		1E2606461CA3F7C000AC1105 /* JDDiscoveryController.m in Sources */ = {isa = PBXBuildFile; fileRef = 1E2606451CA3F7C000AC1105 /* JDDiscoveryController.m */; };
		1E2606541CA3FD0200AC1105 /* JDProfileController.m in Sources */ = {isa = PBXBuildFile; fileRef = 1E2606531CA3FD0200AC1105 /* JDProfileController.m */; };
		1E2606571CA3FE9100AC1105 /* JDTabBar.m in Sources */ = {isa = PBXBuildFile; fileRef = 1E2606561CA3FE9100AC1105 /* JDTabBar.m */; };
		1E26065A1CA4C9FC00AC1105 /* JDButton.m in Sources */ = {isa = PBXBuildFile; fileRef = 1E2606591CA4C9FC00AC1105 /* JDButton.m */; };
		1E26065E1CA4CBB700AC1105 /* UIView+JDExtension.m in Sources */ = {isa = PBXBuildFile; fileRef = 1E26065D1CA4CBB700AC1105 /* UIView+JDExtension.m */; };
		1E27B6051CAA50BA000DCDFE /* JDAccountModel.m in Sources */ = {isa = PBXBuildFile; fileRef = 1E27B6041CAA50BA000DCDFE /* JDAccountModel.m */; };
		1E43FAC61CB24F410053DDAE /* JDPhotoCell.m in Sources */ = {isa = PBXBuildFile; fileRef = 1E43FAC51CB24F410053DDAE /* JDPhotoCell.m */; };
		1E43FAC91CB2526F0053DDAE /* JDPhotoController.m in Sources */ = {isa = PBXBuildFile; fileRef = 1E43FAC81CB2526F0053DDAE /* JDPhotoController.m */; };
		1E5A96891CB739980044EE76 /* JDBaseWeiboView.m in Sources */ = {isa = PBXBuildFile; fileRef = 1E5A96881CB739980044EE76 /* JDBaseWeiboView.m */; };
		1E655D0C1CB24571004306A0 /* JDComposeController.storyboard in Resources */ = {isa = PBXBuildFile; fileRef = 1E655D0B1CB24571004306A0 /* JDComposeController.storyboard */; };
		1E82AEB01CA3D3110002001B /* main.m in Sources */ = {isa = PBXBuildFile; fileRef = 1E82AEAF1CA3D3110002001B /* main.m */; };
		1E82AEBB1CA3D3110002001B /* Assets.xcassets in Resources */ = {isa = PBXBuildFile; fileRef = 1E82AEBA1CA3D3110002001B /* Assets.xcassets */; };
		1E82AEC91CA3D3110002001B /* _____OC__Tests.m in Sources */ = {isa = PBXBuildFile; fileRef = 1E82AEC81CA3D3110002001B /* _____OC__Tests.m */; };
		1E82AED41CA3D3110002001B /* _____OC__UITests.m in Sources */ = {isa = PBXBuildFile; fileRef = 1E82AED31CA3D3110002001B /* _____OC__UITests.m */; };
		1E82AEE31CA3D4460002001B /* JDAppDelegate.m in Sources */ = {isa = PBXBuildFile; fileRef = 1E82AEE21CA3D4460002001B /* JDAppDelegate.m */; };
		1E82AEED1CA3D5C30002001B /* JDNavigationController.m in Sources */ = {isa = PBXBuildFile; fileRef = 1E82AEEC1CA3D5C30002001B /* JDNavigationController.m */; };
		1E82AEF01CA3D5E50002001B /* JDTabBarController.m in Sources */ = {isa = PBXBuildFile; fileRef = 1E82AEEF1CA3D5E50002001B /* JDTabBarController.m */; };
		1EA26A4A1CB5E89D00F5A031 /* JDOriginalWeiboView.m in Sources */ = {isa = PBXBuildFile; fileRef = 1EA26A491CB5E89D00F5A031 /* JDOriginalWeiboView.m */; };
		1EA26A4D1CB5E91D00F5A031 /* JDForwardWeiboView.m in Sources */ = {isa = PBXBuildFile; fileRef = 1EA26A4C1CB5E91D00F5A031 /* JDForwardWeiboView.m */; };
		1EA26A501CB5E9FF00F5A031 /* JDWeiboToolsView.m in Sources */ = {isa = PBXBuildFile; fileRef = 1EA26A4F1CB5E9FF00F5A031 /* JDWeiboToolsView.m */; };
		1EAD41D11CA50D42009B806D /* UIBarButtonItem+JDExtension.m in Sources */ = {isa = PBXBuildFile; fileRef = 1EAD41D01CA50D42009B806D /* UIBarButtonItem+JDExtension.m */; };
		1EB1E3761CAE0A4B0081782D /* NSDate+JDExtension.m in Sources */ = {isa = PBXBuildFile; fileRef = 1EB1E3751CAE0A4B0081782D /* NSDate+JDExtension.m */; };
		1EBA22F71CB3B19B00EB3A35 /* JDHomeController.storyboard in Resources */ = {isa = PBXBuildFile; fileRef = 1EBA22F61CB3B19B00EB3A35 /* JDHomeController.storyboard */; };
		1EBA22F91CB3B1B000EB3A35 /* JDMessageController.storyboard in Resources */ = {isa = PBXBuildFile; fileRef = 1EBA22F81CB3B1B000EB3A35 /* JDMessageController.storyboard */; };
		1EBA22FB1CB3B35300EB3A35 /* JDProfileController.storyboard in Resources */ = {isa = PBXBuildFile; fileRef = 1EBA22FA1CB3B35300EB3A35 /* JDProfileController.storyboard */; };
		1EBA22FD1CB3B37900EB3A35 /* JDDiscoveryController.storyboard in Resources */ = {isa = PBXBuildFile; fileRef = 1EBA22FC1CB3B37900EB3A35 /* JDDiscoveryController.storyboard */; };
		1EBA23001CB3C1DB00EB3A35 /* JDWeiboCell.m in Sources */ = {isa = PBXBuildFile; fileRef = 1EBA22FF1CB3C1DB00EB3A35 /* JDWeiboCell.m */; };
		1EC004501CA834B800C2D7CB /* JDMessageController.m in Sources */ = {isa = PBXBuildFile; fileRef = 1EC0044F1CA834B800C2D7CB /* JDMessageController.m */; };
		1EC004531CA835ED00C2D7CB /* JDSearchBar.m in Sources */ = {isa = PBXBuildFile; fileRef = 1EC004521CA835ED00C2D7CB /* JDSearchBar.m */; };
		1EC004561CA8BC0200C2D7CB /* JDDefaultCenterView.m in Sources */ = {isa = PBXBuildFile; fileRef = 1EC004551CA8BC0200C2D7CB /* JDDefaultCenterView.m */; };
		1EC004581CA8BC0F00C2D7CB /* JDDefaultCenterView.xib in Resources */ = {isa = PBXBuildFile; fileRef = 1EC004571CA8BC0F00C2D7CB /* JDDefaultCenterView.xib */; };
		1EC0045B1CA8D8E100C2D7CB /* JDBaseController.m in Sources */ = {isa = PBXBuildFile; fileRef = 1EC0045A1CA8D8E100C2D7CB /* JDBaseController.m */; };
		1EC004621CA8FCC900C2D7CB /* JDOAuthController.m in Sources */ = {isa = PBXBuildFile; fileRef = 1EC004611CA8FCC900C2D7CB /* JDOAuthController.m */; };
		1ECC88FF1CAA60BB00295050 /* NSString+JDExtension.m in Sources */ = {isa = PBXBuildFile; fileRef = 1ECC88FE1CAA60BB00295050 /* NSString+JDExtension.m */; };
		1ECC89071CAA810A00295050 /* JDWelcomeController.m in Sources */ = {isa = PBXBuildFile; fileRef = 1ECC89051CAA810A00295050 /* JDWelcomeController.m */; };
		1ECC89081CAA810A00295050 /* JDWelcomeController.xib in Resources */ = {isa = PBXBuildFile; fileRef = 1ECC89061CAA810A00295050 /* JDWelcomeController.xib */; };
		1ECC890F1CAA814800295050 /* JDNewFeatureController.m in Sources */ = {isa = PBXBuildFile; fileRef = 1ECC890D1CAA814800295050 /* JDNewFeatureController.m */; };
		1ECC89101CAA814800295050 /* JDNewFeatureController.xib in Resources */ = {isa = PBXBuildFile; fileRef = 1ECC890E1CAA814800295050 /* JDNewFeatureController.xib */; };
		1ECC89951CAB89C100295050 /* Test in Resources */ = {isa = PBXBuildFile; fileRef = 1ECC89941CAB89C100295050 /* Test */; };
		1ED21FAF1CA519350015F08F /* JDScanCodeController.m in Sources */ = {isa = PBXBuildFile; fileRef = 1ED21FAD1CA519350015F08F /* JDScanCodeController.m */; };
		1ED21FB21CA519780015F08F /* JDScanCodeController.storyboard in Resources */ = {isa = PBXBuildFile; fileRef = 1ED21FB11CA519780015F08F /* JDScanCodeController.storyboard */; };
		1ED21FB61CA52A730015F08F /* JDQRCodeController.m in Sources */ = {isa = PBXBuildFile; fileRef = 1ED21FB51CA52A730015F08F /* JDQRCodeController.m */; };
		1ED21FB91CA52AEA0015F08F /* JDBarCodeController.m in Sources */ = {isa = PBXBuildFile; fileRef = 1ED21FB81CA52AEA0015F08F /* JDBarCodeController.m */; };
		1ED21FBC1CA5353C0015F08F /* UIImage+JDExtension.m in Sources */ = {isa = PBXBuildFile; fileRef = 1ED21FBB1CA5353C0015F08F /* UIImage+JDExtension.m */; };
		1ED21FC61CA619CD0015F08F /* JDMyIDCardController.m in Sources */ = {isa = PBXBuildFile; fileRef = 1ED21FC41CA619CD0015F08F /* JDMyIDCardController.m */; };
		1ED21FC71CA619CD0015F08F /* JDMyIDCardController.xib in Resources */ = {isa = PBXBuildFile; fileRef = 1ED21FC51CA619CD0015F08F /* JDMyIDCardController.xib */; };
		1ED21FCA1CA6668E0015F08F /* JDTitleButton.m in Sources */ = {isa = PBXBuildFile; fileRef = 1ED21FC91CA6668E0015F08F /* JDTitleButton.m */; };
		1ED21FD31CA7B0590015F08F /* JDContentController.m in Sources */ = {isa = PBXBuildFile; fileRef = 1ED21FD21CA7B0590015F08F /* JDContentController.m */; };
		1ED21FD61CA7B8F40015F08F /* JDMenuBar.m in Sources */ = {isa = PBXBuildFile; fileRef = 1ED21FD51CA7B8F40015F08F /* JDMenuBar.m */; };
		1ED6F6B41CB1FB8B005C4C24 /* JDTextToolsView.m in Sources */ = {isa = PBXBuildFile; fileRef = 1ED6F6B31CB1FB8B005C4C24 /* JDTextToolsView.m */; };
		1ED796731CB4AD9D0038D0AA /* JDImageCell.m in Sources */ = {isa = PBXBuildFile; fileRef = 1ED796721CB4AD9D0038D0AA /* JDImageCell.m */; };
		1EE919BE1CB0A3BE00A14939 /* JDComposeController.m in Sources */ = {isa = PBXBuildFile; fileRef = 1EE919BD1CB0A3BE00A14939 /* JDComposeController.m */; };
		1EE919C11CB0A3E400A14939 /* JDTextView.m in Sources */ = {isa = PBXBuildFile; fileRef = 1EE919C01CB0A3E400A14939 /* JDTextView.m */; };
		1EECFD711CB6A84E0045D237 /* MJPhoto.m in Sources */ = {isa = PBXBuildFile; fileRef = 1EECFD631CB6A84E0045D237 /* MJPhoto.m */; };
		1EECFD721CB6A84E0045D237 /* MJPhotoBrowser.bundle in Resources */ = {isa = PBXBuildFile; fileRef = 1EECFD641CB6A84E0045D237 /* MJPhotoBrowser.bundle */; };
		1EECFD731CB6A84E0045D237 /* MJPhotoBrowser.m in Sources */ = {isa = PBXBuildFile; fileRef = 1EECFD661CB6A84E0045D237 /* MJPhotoBrowser.m */; };
		1EECFD741CB6A84E0045D237 /* MJPhotoLoadingView.m in Sources */ = {isa = PBXBuildFile; fileRef = 1EECFD681CB6A84E0045D237 /* MJPhotoLoadingView.m */; };
		1EECFD751CB6A84E0045D237 /* MJPhotoProgressView.m in Sources */ = {isa = PBXBuildFile; fileRef = 1EECFD6A1CB6A84E0045D237 /* MJPhotoProgressView.m */; };
		1EECFD761CB6A84E0045D237 /* MJPhotoToolbar.m in Sources */ = {isa = PBXBuildFile; fileRef = 1EECFD6C1CB6A84E0045D237 /* MJPhotoToolbar.m */; };
		1EECFD771CB6A84E0045D237 /* MJPhotoView.m in Sources */ = {isa = PBXBuildFile; fileRef = 1EECFD6E1CB6A84E0045D237 /* MJPhotoView.m */; };
		1EECFD781CB6A84E0045D237 /* SDWebImageManager+MJ.m in Sources */ = {isa = PBXBuildFile; fileRef = 1EECFD701CB6A84E0045D237 /* SDWebImageManager+MJ.m */; };
		1EF7E7F11CAB9B60004CBEBE /* UIWindow+JDExtension.m in Sources */ = {isa = PBXBuildFile; fileRef = 1EF7E7F01CAB9B60004CBEBE /* UIWindow+JDExtension.m */; };
		1EF7E7F41CABFBD6004CBEBE /* JDUserModel.m in Sources */ = {isa = PBXBuildFile; fileRef = 1EF7E7F31CABFBD6004CBEBE /* JDUserModel.m */; };
		1EF7E7F71CABFBF5004CBEBE /* JDPhotoModel.m in Sources */ = {isa = PBXBuildFile; fileRef = 1EF7E7F61CABFBF5004CBEBE /* JDPhotoModel.m */; };
		1EF7E7FA1CABFC1A004CBEBE /* JDStatusModel.m in Sources */ = {isa = PBXBuildFile; fileRef = 1EF7E7F91CABFC1A004CBEBE /* JDStatusModel.m */; };
		71E97E0B35CBCB5BF3287DEE /* libPods.a in Frameworks */ = {isa = PBXBuildFile; fileRef = 0FCC5280E1F413F9E2D39C0A /* libPods.a */; };
/* End PBXBuildFile section */

/* Begin PBXContainerItemProxy section */
		1E82AEC51CA3D3110002001B /* PBXContainerItemProxy */ = {
			isa = PBXContainerItemProxy;
			containerPortal = 1E82AEA31CA3D3110002001B /* Project object */;
			proxyType = 1;
			remoteGlobalIDString = 1E82AEAA1CA3D3110002001B;
			remoteInfo = "新浪微博(OC版)";
		};
		1E82AED01CA3D3110002001B /* PBXContainerItemProxy */ = {
			isa = PBXContainerItemProxy;
			containerPortal = 1E82AEA31CA3D3110002001B /* Project object */;
			proxyType = 1;
			remoteGlobalIDString = 1E82AEAA1CA3D3110002001B;
			remoteInfo = "新浪微博(OC版)";
		};
/* End PBXContainerItemProxy section */

/* Begin PBXFileReference section */
		0FCC5280E1F413F9E2D39C0A /* libPods.a */ = {isa = PBXFileReference; explicitFileType = archive.ar; includeInIndex = 0; path = libPods.a; sourceTree = BUILT_PRODUCTS_DIR; };
		18A40B34B2A137184D597121 /* Pods.debug.xcconfig */ = {isa = PBXFileReference; includeInIndex = 1; lastKnownFileType = text.xcconfig; name = Pods.debug.xcconfig; path = "Pods/Target Support Files/Pods/Pods.debug.xcconfig"; sourceTree = "<group>"; };
		1E2606411CA3F6A100AC1105 /* JDHomeController.h */ = {isa = PBXFileReference; fileEncoding = 4; lastKnownFileType = sourcecode.c.h; path = JDHomeController.h; sourceTree = "<group>"; };
		1E2606421CA3F6A100AC1105 /* JDHomeController.m */ = {isa = PBXFileReference; fileEncoding = 4; lastKnownFileType = sourcecode.c.objc; path = JDHomeController.m; sourceTree = "<group>"; };
		1E2606441CA3F7C000AC1105 /* JDDiscoveryController.h */ = {isa = PBXFileReference; fileEncoding = 4; lastKnownFileType = sourcecode.c.h; path = JDDiscoveryController.h; sourceTree = "<group>"; };
		1E2606451CA3F7C000AC1105 /* JDDiscoveryController.m */ = {isa = PBXFileReference; fileEncoding = 4; lastKnownFileType = sourcecode.c.objc; path = JDDiscoveryController.m; sourceTree = "<group>"; };
		1E2606521CA3FD0200AC1105 /* JDProfileController.h */ = {isa = PBXFileReference; fileEncoding = 4; lastKnownFileType = sourcecode.c.h; path = JDProfileController.h; sourceTree = "<group>"; };
		1E2606531CA3FD0200AC1105 /* JDProfileController.m */ = {isa = PBXFileReference; fileEncoding = 4; lastKnownFileType = sourcecode.c.objc; path = JDProfileController.m; sourceTree = "<group>"; };
		1E2606551CA3FE9100AC1105 /* JDTabBar.h */ = {isa = PBXFileReference; fileEncoding = 4; lastKnownFileType = sourcecode.c.h; path = JDTabBar.h; sourceTree = "<group>"; };
		1E2606561CA3FE9100AC1105 /* JDTabBar.m */ = {isa = PBXFileReference; fileEncoding = 4; lastKnownFileType = sourcecode.c.objc; path = JDTabBar.m; sourceTree = "<group>"; };
		1E2606581CA4C9FC00AC1105 /* JDButton.h */ = {isa = PBXFileReference; fileEncoding = 4; lastKnownFileType = sourcecode.c.h; path = JDButton.h; sourceTree = "<group>"; };
		1E2606591CA4C9FC00AC1105 /* JDButton.m */ = {isa = PBXFileReference; fileEncoding = 4; lastKnownFileType = sourcecode.c.objc; path = JDButton.m; sourceTree = "<group>"; };
		1E26065C1CA4CBB700AC1105 /* UIView+JDExtension.h */ = {isa = PBXFileReference; fileEncoding = 4; lastKnownFileType = sourcecode.c.h; path = "UIView+JDExtension.h"; sourceTree = "<group>"; };
		1E26065D1CA4CBB700AC1105 /* UIView+JDExtension.m */ = {isa = PBXFileReference; fileEncoding = 4; lastKnownFileType = sourcecode.c.objc; path = "UIView+JDExtension.m"; sourceTree = "<group>"; };
		1E27B6031CAA50BA000DCDFE /* JDAccountModel.h */ = {isa = PBXFileReference; fileEncoding = 4; lastKnownFileType = sourcecode.c.h; path = JDAccountModel.h; sourceTree = "<group>"; };
		1E27B6041CAA50BA000DCDFE /* JDAccountModel.m */ = {isa = PBXFileReference; fileEncoding = 4; lastKnownFileType = sourcecode.c.objc; path = JDAccountModel.m; sourceTree = "<group>"; };
		1E43FAC41CB24F410053DDAE /* JDPhotoCell.h */ = {isa = PBXFileReference; fileEncoding = 4; lastKnownFileType = sourcecode.c.h; path = JDPhotoCell.h; sourceTree = "<group>"; };
		1E43FAC51CB24F410053DDAE /* JDPhotoCell.m */ = {isa = PBXFileReference; fileEncoding = 4; lastKnownFileType = sourcecode.c.objc; path = JDPhotoCell.m; sourceTree = "<group>"; };
		1E43FAC71CB2526F0053DDAE /* JDPhotoController.h */ = {isa = PBXFileReference; fileEncoding = 4; lastKnownFileType = sourcecode.c.h; path = JDPhotoController.h; sourceTree = "<group>"; };
		1E43FAC81CB2526F0053DDAE /* JDPhotoController.m */ = {isa = PBXFileReference; fileEncoding = 4; lastKnownFileType = sourcecode.c.objc; path = JDPhotoController.m; sourceTree = "<group>"; };
		1E5A96871CB739980044EE76 /* JDBaseWeiboView.h */ = {isa = PBXFileReference; fileEncoding = 4; lastKnownFileType = sourcecode.c.h; path = JDBaseWeiboView.h; sourceTree = "<group>"; };
		1E5A96881CB739980044EE76 /* JDBaseWeiboView.m */ = {isa = PBXFileReference; fileEncoding = 4; lastKnownFileType = sourcecode.c.objc; path = JDBaseWeiboView.m; sourceTree = "<group>"; };
		1E655D0B1CB24571004306A0 /* JDComposeController.storyboard */ = {isa = PBXFileReference; fileEncoding = 4; lastKnownFileType = file.storyboard; path = JDComposeController.storyboard; sourceTree = "<group>"; };
		1E82AEAB1CA3D3110002001B /* 新浪微博(OC版).app */ = {isa = PBXFileReference; explicitFileType = wrapper.application; includeInIndex = 0; path = "新浪微博(OC版).app"; sourceTree = BUILT_PRODUCTS_DIR; };
		1E82AEAF1CA3D3110002001B /* main.m */ = {isa = PBXFileReference; lastKnownFileType = sourcecode.c.objc; path = main.m; sourceTree = "<group>"; };
		1E82AEBA1CA3D3110002001B /* Assets.xcassets */ = {isa = PBXFileReference; lastKnownFileType = folder.assetcatalog; path = Assets.xcassets; sourceTree = "<group>"; };
		1E82AEBF1CA3D3110002001B /* Info.plist */ = {isa = PBXFileReference; lastKnownFileType = text.plist.xml; path = Info.plist; sourceTree = "<group>"; };
		1E82AEC41CA3D3110002001B /* 新浪微博(OC版)Tests.xctest */ = {isa = PBXFileReference; explicitFileType = wrapper.cfbundle; includeInIndex = 0; path = "新浪微博(OC版)Tests.xctest"; sourceTree = BUILT_PRODUCTS_DIR; };
		1E82AEC81CA3D3110002001B /* _____OC__Tests.m */ = {isa = PBXFileReference; lastKnownFileType = sourcecode.c.objc; path = "_____OC__Tests.m"; sourceTree = "<group>"; };
		1E82AECA1CA3D3110002001B /* Info.plist */ = {isa = PBXFileReference; lastKnownFileType = text.plist.xml; path = Info.plist; sourceTree = "<group>"; };
		1E82AECF1CA3D3110002001B /* 新浪微博(OC版)UITests.xctest */ = {isa = PBXFileReference; explicitFileType = wrapper.cfbundle; includeInIndex = 0; path = "新浪微博(OC版)UITests.xctest"; sourceTree = BUILT_PRODUCTS_DIR; };
		1E82AED31CA3D3110002001B /* _____OC__UITests.m */ = {isa = PBXFileReference; lastKnownFileType = sourcecode.c.objc; path = "_____OC__UITests.m"; sourceTree = "<group>"; };
		1E82AED51CA3D3110002001B /* Info.plist */ = {isa = PBXFileReference; lastKnownFileType = text.plist.xml; path = Info.plist; sourceTree = "<group>"; };
		1E82AEE11CA3D4460002001B /* JDAppDelegate.h */ = {isa = PBXFileReference; fileEncoding = 4; lastKnownFileType = sourcecode.c.h; path = JDAppDelegate.h; sourceTree = "<group>"; };
		1E82AEE21CA3D4460002001B /* JDAppDelegate.m */ = {isa = PBXFileReference; fileEncoding = 4; lastKnownFileType = sourcecode.c.objc; path = JDAppDelegate.m; sourceTree = "<group>"; };
		1E82AEEB1CA3D5C30002001B /* JDNavigationController.h */ = {isa = PBXFileReference; fileEncoding = 4; lastKnownFileType = sourcecode.c.h; path = JDNavigationController.h; sourceTree = "<group>"; };
		1E82AEEC1CA3D5C30002001B /* JDNavigationController.m */ = {isa = PBXFileReference; fileEncoding = 4; lastKnownFileType = sourcecode.c.objc; path = JDNavigationController.m; sourceTree = "<group>"; };
		1E82AEEE1CA3D5E50002001B /* JDTabBarController.h */ = {isa = PBXFileReference; fileEncoding = 4; lastKnownFileType = sourcecode.c.h; path = JDTabBarController.h; sourceTree = "<group>"; };
		1E82AEEF1CA3D5E50002001B /* JDTabBarController.m */ = {isa = PBXFileReference; fileEncoding = 4; lastKnownFileType = sourcecode.c.objc; path = JDTabBarController.m; sourceTree = "<group>"; };
		1EA26A481CB5E89D00F5A031 /* JDOriginalWeiboView.h */ = {isa = PBXFileReference; fileEncoding = 4; lastKnownFileType = sourcecode.c.h; path = JDOriginalWeiboView.h; sourceTree = "<group>"; };
		1EA26A491CB5E89D00F5A031 /* JDOriginalWeiboView.m */ = {isa = PBXFileReference; fileEncoding = 4; lastKnownFileType = sourcecode.c.objc; path = JDOriginalWeiboView.m; sourceTree = "<group>"; };
		1EA26A4B1CB5E91D00F5A031 /* JDForwardWeiboView.h */ = {isa = PBXFileReference; fileEncoding = 4; lastKnownFileType = sourcecode.c.h; path = JDForwardWeiboView.h; sourceTree = "<group>"; };
		1EA26A4C1CB5E91D00F5A031 /* JDForwardWeiboView.m */ = {isa = PBXFileReference; fileEncoding = 4; lastKnownFileType = sourcecode.c.objc; path = JDForwardWeiboView.m; sourceTree = "<group>"; };
		1EA26A4E1CB5E9FF00F5A031 /* JDWeiboToolsView.h */ = {isa = PBXFileReference; fileEncoding = 4; lastKnownFileType = sourcecode.c.h; path = JDWeiboToolsView.h; sourceTree = "<group>"; };
		1EA26A4F1CB5E9FF00F5A031 /* JDWeiboToolsView.m */ = {isa = PBXFileReference; fileEncoding = 4; lastKnownFileType = sourcecode.c.objc; path = JDWeiboToolsView.m; sourceTree = "<group>"; };
		1EAD41CF1CA50D42009B806D /* UIBarButtonItem+JDExtension.h */ = {isa = PBXFileReference; fileEncoding = 4; lastKnownFileType = sourcecode.c.h; path = "UIBarButtonItem+JDExtension.h"; sourceTree = "<group>"; };
		1EAD41D01CA50D42009B806D /* UIBarButtonItem+JDExtension.m */ = {isa = PBXFileReference; fileEncoding = 4; lastKnownFileType = sourcecode.c.objc; path = "UIBarButtonItem+JDExtension.m"; sourceTree = "<group>"; };
		1EB1E3741CAE0A4B0081782D /* NSDate+JDExtension.h */ = {isa = PBXFileReference; fileEncoding = 4; lastKnownFileType = sourcecode.c.h; path = "NSDate+JDExtension.h"; sourceTree = "<group>"; };
		1EB1E3751CAE0A4B0081782D /* NSDate+JDExtension.m */ = {isa = PBXFileReference; fileEncoding = 4; lastKnownFileType = sourcecode.c.objc; path = "NSDate+JDExtension.m"; sourceTree = "<group>"; };
		1EBA22F61CB3B19B00EB3A35 /* JDHomeController.storyboard */ = {isa = PBXFileReference; fileEncoding = 4; lastKnownFileType = file.storyboard; path = JDHomeController.storyboard; sourceTree = "<group>"; };
		1EBA22F81CB3B1B000EB3A35 /* JDMessageController.storyboard */ = {isa = PBXFileReference; fileEncoding = 4; lastKnownFileType = file.storyboard; path = JDMessageController.storyboard; sourceTree = "<group>"; };
		1EBA22FA1CB3B35300EB3A35 /* JDProfileController.storyboard */ = {isa = PBXFileReference; fileEncoding = 4; lastKnownFileType = file.storyboard; path = JDProfileController.storyboard; sourceTree = "<group>"; };
		1EBA22FC1CB3B37900EB3A35 /* JDDiscoveryController.storyboard */ = {isa = PBXFileReference; fileEncoding = 4; lastKnownFileType = file.storyboard; path = JDDiscoveryController.storyboard; sourceTree = "<group>"; };
		1EBA22FE1CB3C1DB00EB3A35 /* JDWeiboCell.h */ = {isa = PBXFileReference; fileEncoding = 4; lastKnownFileType = sourcecode.c.h; path = JDWeiboCell.h; sourceTree = "<group>"; };
		1EBA22FF1CB3C1DB00EB3A35 /* JDWeiboCell.m */ = {isa = PBXFileReference; fileEncoding = 4; lastKnownFileType = sourcecode.c.objc; path = JDWeiboCell.m; sourceTree = "<group>"; };
		1EC0044E1CA834B800C2D7CB /* JDMessageController.h */ = {isa = PBXFileReference; fileEncoding = 4; lastKnownFileType = sourcecode.c.h; path = JDMessageController.h; sourceTree = "<group>"; };
		1EC0044F1CA834B800C2D7CB /* JDMessageController.m */ = {isa = PBXFileReference; fileEncoding = 4; lastKnownFileType = sourcecode.c.objc; path = JDMessageController.m; sourceTree = "<group>"; };
		1EC004511CA835ED00C2D7CB /* JDSearchBar.h */ = {isa = PBXFileReference; fileEncoding = 4; lastKnownFileType = sourcecode.c.h; path = JDSearchBar.h; sourceTree = "<group>"; };
		1EC004521CA835ED00C2D7CB /* JDSearchBar.m */ = {isa = PBXFileReference; fileEncoding = 4; lastKnownFileType = sourcecode.c.objc; path = JDSearchBar.m; sourceTree = "<group>"; };
		1EC004541CA8BC0200C2D7CB /* JDDefaultCenterView.h */ = {isa = PBXFileReference; fileEncoding = 4; lastKnownFileType = sourcecode.c.h; path = JDDefaultCenterView.h; sourceTree = "<group>"; };
		1EC004551CA8BC0200C2D7CB /* JDDefaultCenterView.m */ = {isa = PBXFileReference; fileEncoding = 4; lastKnownFileType = sourcecode.c.objc; path = JDDefaultCenterView.m; sourceTree = "<group>"; };
		1EC004571CA8BC0F00C2D7CB /* JDDefaultCenterView.xib */ = {isa = PBXFileReference; fileEncoding = 4; lastKnownFileType = file.xib; path = JDDefaultCenterView.xib; sourceTree = "<group>"; };
		1EC004591CA8D8E100C2D7CB /* JDBaseController.h */ = {isa = PBXFileReference; fileEncoding = 4; lastKnownFileType = sourcecode.c.h; path = JDBaseController.h; sourceTree = "<group>"; };
		1EC0045A1CA8D8E100C2D7CB /* JDBaseController.m */ = {isa = PBXFileReference; fileEncoding = 4; lastKnownFileType = sourcecode.c.objc; path = JDBaseController.m; sourceTree = "<group>"; };
		1EC004601CA8FCC900C2D7CB /* JDOAuthController.h */ = {isa = PBXFileReference; fileEncoding = 4; lastKnownFileType = sourcecode.c.h; path = JDOAuthController.h; sourceTree = "<group>"; };
		1EC004611CA8FCC900C2D7CB /* JDOAuthController.m */ = {isa = PBXFileReference; fileEncoding = 4; lastKnownFileType = sourcecode.c.objc; path = JDOAuthController.m; sourceTree = "<group>"; };
		1ECC88FD1CAA60BB00295050 /* NSString+JDExtension.h */ = {isa = PBXFileReference; fileEncoding = 4; lastKnownFileType = sourcecode.c.h; path = "NSString+JDExtension.h"; sourceTree = "<group>"; };
		1ECC88FE1CAA60BB00295050 /* NSString+JDExtension.m */ = {isa = PBXFileReference; fileEncoding = 4; lastKnownFileType = sourcecode.c.objc; path = "NSString+JDExtension.m"; sourceTree = "<group>"; };
		1ECC89041CAA810A00295050 /* JDWelcomeController.h */ = {isa = PBXFileReference; fileEncoding = 4; lastKnownFileType = sourcecode.c.h; path = JDWelcomeController.h; sourceTree = "<group>"; };
		1ECC89051CAA810A00295050 /* JDWelcomeController.m */ = {isa = PBXFileReference; fileEncoding = 4; lastKnownFileType = sourcecode.c.objc; path = JDWelcomeController.m; sourceTree = "<group>"; };
		1ECC89061CAA810A00295050 /* JDWelcomeController.xib */ = {isa = PBXFileReference; fileEncoding = 4; lastKnownFileType = file.xib; path = JDWelcomeController.xib; sourceTree = "<group>"; };
		1ECC890C1CAA814800295050 /* JDNewFeatureController.h */ = {isa = PBXFileReference; fileEncoding = 4; lastKnownFileType = sourcecode.c.h; path = JDNewFeatureController.h; sourceTree = "<group>"; };
		1ECC890D1CAA814800295050 /* JDNewFeatureController.m */ = {isa = PBXFileReference; fileEncoding = 4; lastKnownFileType = sourcecode.c.objc; path = JDNewFeatureController.m; sourceTree = "<group>"; };
		1ECC890E1CAA814800295050 /* JDNewFeatureController.xib */ = {isa = PBXFileReference; fileEncoding = 4; lastKnownFileType = file.xib; path = JDNewFeatureController.xib; sourceTree = "<group>"; };
		1ECC89941CAB89C100295050 /* Test */ = {isa = PBXFileReference; fileEncoding = 4; lastKnownFileType = text; path = Test; sourceTree = "<group>"; };
		1ED21FAC1CA519350015F08F /* JDScanCodeController.h */ = {isa = PBXFileReference; fileEncoding = 4; lastKnownFileType = sourcecode.c.h; path = JDScanCodeController.h; sourceTree = "<group>"; };
		1ED21FAD1CA519350015F08F /* JDScanCodeController.m */ = {isa = PBXFileReference; fileEncoding = 4; lastKnownFileType = sourcecode.c.objc; path = JDScanCodeController.m; sourceTree = "<group>"; };
		1ED21FB11CA519780015F08F /* JDScanCodeController.storyboard */ = {isa = PBXFileReference; fileEncoding = 4; lastKnownFileType = file.storyboard; path = JDScanCodeController.storyboard; sourceTree = "<group>"; };
		1ED21FB41CA52A730015F08F /* JDQRCodeController.h */ = {isa = PBXFileReference; fileEncoding = 4; lastKnownFileType = sourcecode.c.h; path = JDQRCodeController.h; sourceTree = "<group>"; };
		1ED21FB51CA52A730015F08F /* JDQRCodeController.m */ = {isa = PBXFileReference; fileEncoding = 4; lastKnownFileType = sourcecode.c.objc; path = JDQRCodeController.m; sourceTree = "<group>"; };
		1ED21FB71CA52AEA0015F08F /* JDBarCodeController.h */ = {isa = PBXFileReference; fileEncoding = 4; lastKnownFileType = sourcecode.c.h; path = JDBarCodeController.h; sourceTree = "<group>"; };
		1ED21FB81CA52AEA0015F08F /* JDBarCodeController.m */ = {isa = PBXFileReference; fileEncoding = 4; lastKnownFileType = sourcecode.c.objc; path = JDBarCodeController.m; sourceTree = "<group>"; };
		1ED21FBA1CA5353C0015F08F /* UIImage+JDExtension.h */ = {isa = PBXFileReference; fileEncoding = 4; lastKnownFileType = sourcecode.c.h; path = "UIImage+JDExtension.h"; sourceTree = "<group>"; };
		1ED21FBB1CA5353C0015F08F /* UIImage+JDExtension.m */ = {isa = PBXFileReference; fileEncoding = 4; lastKnownFileType = sourcecode.c.objc; path = "UIImage+JDExtension.m"; sourceTree = "<group>"; };
		1ED21FC31CA619CD0015F08F /* JDMyIDCardController.h */ = {isa = PBXFileReference; fileEncoding = 4; lastKnownFileType = sourcecode.c.h; path = JDMyIDCardController.h; sourceTree = "<group>"; };
		1ED21FC41CA619CD0015F08F /* JDMyIDCardController.m */ = {isa = PBXFileReference; fileEncoding = 4; lastKnownFileType = sourcecode.c.objc; path = JDMyIDCardController.m; sourceTree = "<group>"; };
		1ED21FC51CA619CD0015F08F /* JDMyIDCardController.xib */ = {isa = PBXFileReference; fileEncoding = 4; lastKnownFileType = file.xib; path = JDMyIDCardController.xib; sourceTree = "<group>"; };
		1ED21FC81CA6668E0015F08F /* JDTitleButton.h */ = {isa = PBXFileReference; fileEncoding = 4; lastKnownFileType = sourcecode.c.h; path = JDTitleButton.h; sourceTree = "<group>"; };
		1ED21FC91CA6668E0015F08F /* JDTitleButton.m */ = {isa = PBXFileReference; fileEncoding = 4; lastKnownFileType = sourcecode.c.objc; path = JDTitleButton.m; sourceTree = "<group>"; };
		1ED21FD11CA7B0590015F08F /* JDContentController.h */ = {isa = PBXFileReference; fileEncoding = 4; lastKnownFileType = sourcecode.c.h; path = JDContentController.h; sourceTree = "<group>"; };
		1ED21FD21CA7B0590015F08F /* JDContentController.m */ = {isa = PBXFileReference; fileEncoding = 4; lastKnownFileType = sourcecode.c.objc; path = JDContentController.m; sourceTree = "<group>"; };
		1ED21FD41CA7B8F40015F08F /* JDMenuBar.h */ = {isa = PBXFileReference; fileEncoding = 4; lastKnownFileType = sourcecode.c.h; path = JDMenuBar.h; sourceTree = "<group>"; };
		1ED21FD51CA7B8F40015F08F /* JDMenuBar.m */ = {isa = PBXFileReference; fileEncoding = 4; lastKnownFileType = sourcecode.c.objc; path = JDMenuBar.m; sourceTree = "<group>"; };
		1ED6F6B21CB1FB8B005C4C24 /* JDTextToolsView.h */ = {isa = PBXFileReference; fileEncoding = 4; lastKnownFileType = sourcecode.c.h; path = JDTextToolsView.h; sourceTree = "<group>"; };
		1ED6F6B31CB1FB8B005C4C24 /* JDTextToolsView.m */ = {isa = PBXFileReference; fileEncoding = 4; lastKnownFileType = sourcecode.c.objc; path = JDTextToolsView.m; sourceTree = "<group>"; };
		1ED796711CB4AD9D0038D0AA /* JDImageCell.h */ = {isa = PBXFileReference; fileEncoding = 4; lastKnownFileType = sourcecode.c.h; path = JDImageCell.h; sourceTree = "<group>"; };
		1ED796721CB4AD9D0038D0AA /* JDImageCell.m */ = {isa = PBXFileReference; fileEncoding = 4; lastKnownFileType = sourcecode.c.objc; path = JDImageCell.m; sourceTree = "<group>"; };
		1ED82AC71CCB12E3009AFEE2 /* JDProjectHeaders.pch */ = {isa = PBXFileReference; fileEncoding = 4; lastKnownFileType = sourcecode.c.h; path = JDProjectHeaders.pch; sourceTree = "<group>"; };
		1EE919BC1CB0A3BE00A14939 /* JDComposeController.h */ = {isa = PBXFileReference; fileEncoding = 4; lastKnownFileType = sourcecode.c.h; path = JDComposeController.h; sourceTree = "<group>"; };
		1EE919BD1CB0A3BE00A14939 /* JDComposeController.m */ = {isa = PBXFileReference; fileEncoding = 4; lastKnownFileType = sourcecode.c.objc; path = JDComposeController.m; sourceTree = "<group>"; };
		1EE919BF1CB0A3E400A14939 /* JDTextView.h */ = {isa = PBXFileReference; fileEncoding = 4; lastKnownFileType = sourcecode.c.h; path = JDTextView.h; sourceTree = "<group>"; };
		1EE919C01CB0A3E400A14939 /* JDTextView.m */ = {isa = PBXFileReference; fileEncoding = 4; lastKnownFileType = sourcecode.c.objc; path = JDTextView.m; sourceTree = "<group>"; };
		1EECFD621CB6A84E0045D237 /* MJPhoto.h */ = {isa = PBXFileReference; fileEncoding = 4; lastKnownFileType = sourcecode.c.h; path = MJPhoto.h; sourceTree = "<group>"; };
		1EECFD631CB6A84E0045D237 /* MJPhoto.m */ = {isa = PBXFileReference; fileEncoding = 4; lastKnownFileType = sourcecode.c.objc; path = MJPhoto.m; sourceTree = "<group>"; };
		1EECFD641CB6A84E0045D237 /* MJPhotoBrowser.bundle */ = {isa = PBXFileReference; lastKnownFileType = "wrapper.plug-in"; path = MJPhotoBrowser.bundle; sourceTree = "<group>"; };
		1EECFD651CB6A84E0045D237 /* MJPhotoBrowser.h */ = {isa = PBXFileReference; fileEncoding = 4; lastKnownFileType = sourcecode.c.h; path = MJPhotoBrowser.h; sourceTree = "<group>"; };
		1EECFD661CB6A84E0045D237 /* MJPhotoBrowser.m */ = {isa = PBXFileReference; fileEncoding = 4; lastKnownFileType = sourcecode.c.objc; path = MJPhotoBrowser.m; sourceTree = "<group>"; };
		1EECFD671CB6A84E0045D237 /* MJPhotoLoadingView.h */ = {isa = PBXFileReference; fileEncoding = 4; lastKnownFileType = sourcecode.c.h; path = MJPhotoLoadingView.h; sourceTree = "<group>"; };
		1EECFD681CB6A84E0045D237 /* MJPhotoLoadingView.m */ = {isa = PBXFileReference; fileEncoding = 4; lastKnownFileType = sourcecode.c.objc; path = MJPhotoLoadingView.m; sourceTree = "<group>"; };
		1EECFD691CB6A84E0045D237 /* MJPhotoProgressView.h */ = {isa = PBXFileReference; fileEncoding = 4; lastKnownFileType = sourcecode.c.h; path = MJPhotoProgressView.h; sourceTree = "<group>"; };
		1EECFD6A1CB6A84E0045D237 /* MJPhotoProgressView.m */ = {isa = PBXFileReference; fileEncoding = 4; lastKnownFileType = sourcecode.c.objc; path = MJPhotoProgressView.m; sourceTree = "<group>"; };
		1EECFD6B1CB6A84E0045D237 /* MJPhotoToolbar.h */ = {isa = PBXFileReference; fileEncoding = 4; lastKnownFileType = sourcecode.c.h; path = MJPhotoToolbar.h; sourceTree = "<group>"; };
		1EECFD6C1CB6A84E0045D237 /* MJPhotoToolbar.m */ = {isa = PBXFileReference; fileEncoding = 4; lastKnownFileType = sourcecode.c.objc; path = MJPhotoToolbar.m; sourceTree = "<group>"; };
		1EECFD6D1CB6A84E0045D237 /* MJPhotoView.h */ = {isa = PBXFileReference; fileEncoding = 4; lastKnownFileType = sourcecode.c.h; path = MJPhotoView.h; sourceTree = "<group>"; };
		1EECFD6E1CB6A84E0045D237 /* MJPhotoView.m */ = {isa = PBXFileReference; fileEncoding = 4; lastKnownFileType = sourcecode.c.objc; path = MJPhotoView.m; sourceTree = "<group>"; };
		1EECFD6F1CB6A84E0045D237 /* SDWebImageManager+MJ.h */ = {isa = PBXFileReference; fileEncoding = 4; lastKnownFileType = sourcecode.c.h; path = "SDWebImageManager+MJ.h"; sourceTree = "<group>"; };
		1EECFD701CB6A84E0045D237 /* SDWebImageManager+MJ.m */ = {isa = PBXFileReference; fileEncoding = 4; lastKnownFileType = sourcecode.c.objc; path = "SDWebImageManager+MJ.m"; sourceTree = "<group>"; };
		1EF7E7EF1CAB9B60004CBEBE /* UIWindow+JDExtension.h */ = {isa = PBXFileReference; fileEncoding = 4; lastKnownFileType = sourcecode.c.h; path = "UIWindow+JDExtension.h"; sourceTree = "<group>"; };
		1EF7E7F01CAB9B60004CBEBE /* UIWindow+JDExtension.m */ = {isa = PBXFileReference; fileEncoding = 4; lastKnownFileType = sourcecode.c.objc; path = "UIWindow+JDExtension.m"; sourceTree = "<group>"; };
		1EF7E7F21CABFBD6004CBEBE /* JDUserModel.h */ = {isa = PBXFileReference; fileEncoding = 4; lastKnownFileType = sourcecode.c.h; path = JDUserModel.h; sourceTree = "<group>"; };
		1EF7E7F31CABFBD6004CBEBE /* JDUserModel.m */ = {isa = PBXFileReference; fileEncoding = 4; lastKnownFileType = sourcecode.c.objc; path = JDUserModel.m; sourceTree = "<group>"; };
		1EF7E7F51CABFBF5004CBEBE /* JDPhotoModel.h */ = {isa = PBXFileReference; fileEncoding = 4; lastKnownFileType = sourcecode.c.h; path = JDPhotoModel.h; sourceTree = "<group>"; };
		1EF7E7F61CABFBF5004CBEBE /* JDPhotoModel.m */ = {isa = PBXFileReference; fileEncoding = 4; lastKnownFileType = sourcecode.c.objc; path = JDPhotoModel.m; sourceTree = "<group>"; };
		1EF7E7F81CABFC1A004CBEBE /* JDStatusModel.h */ = {isa = PBXFileReference; fileEncoding = 4; lastKnownFileType = sourcecode.c.h; path = JDStatusModel.h; sourceTree = "<group>"; };
		1EF7E7F91CABFC1A004CBEBE /* JDStatusModel.m */ = {isa = PBXFileReference; fileEncoding = 4; lastKnownFileType = sourcecode.c.objc; path = JDStatusModel.m; sourceTree = "<group>"; };
		B013D7300FDD53559FEC96D2 /* Pods.release.xcconfig */ = {isa = PBXFileReference; includeInIndex = 1; lastKnownFileType = text.xcconfig; name = Pods.release.xcconfig; path = "Pods/Target Support Files/Pods/Pods.release.xcconfig"; sourceTree = "<group>"; };
/* End PBXFileReference section */

/* Begin PBXFrameworksBuildPhase section */
		1E82AEA81CA3D3110002001B /* Frameworks */ = {
			isa = PBXFrameworksBuildPhase;
			buildActionMask = 2147483647;
			files = (
				71E97E0B35CBCB5BF3287DEE /* libPods.a in Frameworks */,
			);
			runOnlyForDeploymentPostprocessing = 0;
		};
		1E82AEC11CA3D3110002001B /* Frameworks */ = {
			isa = PBXFrameworksBuildPhase;
			buildActionMask = 2147483647;
			files = (
			);
			runOnlyForDeploymentPostprocessing = 0;
		};
		1E82AECC1CA3D3110002001B /* Frameworks */ = {
			isa = PBXFrameworksBuildPhase;
			buildActionMask = 2147483647;
			files = (
			);
			runOnlyForDeploymentPostprocessing = 0;
		};
/* End PBXFrameworksBuildPhase section */

/* Begin PBXGroup section */
		1AB1BCB694C42B8FD9D9FF61 /* Frameworks */ = {
			isa = PBXGroup;
			children = (
				0FCC5280E1F413F9E2D39C0A /* libPods.a */,
			);
			name = Frameworks;
			sourceTree = "<group>";
		};
		1E2606391CA3EDE700AC1105 /* Home */ = {
			isa = PBXGroup;
			children = (
				1E2606401CA3EF6600AC1105 /* Model */,
				1E26063F1CA3EF6000AC1105 /* Controller */,
				1E26063E1CA3EF5C00AC1105 /* View */,
			);
			name = Home;
			sourceTree = "<group>";
		};
		1E26063A1CA3EE7600AC1105 /* Discovery */ = {
			isa = PBXGroup;
			children = (
				1E26063D1CA3EF4F00AC1105 /* Model */,
				1E26063C1CA3EF4A00AC1105 /* View */,
				1E26063B1CA3EF4200AC1105 /* Controller */,
			);
			name = Discovery;
			sourceTree = "<group>";
		};
		1E26063B1CA3EF4200AC1105 /* Controller */ = {
			isa = PBXGroup;
			children = (
				1E2606441CA3F7C000AC1105 /* JDDiscoveryController.h */,
				1E2606451CA3F7C000AC1105 /* JDDiscoveryController.m */,
				1EBA22FC1CB3B37900EB3A35 /* JDDiscoveryController.storyboard */,
			);
			name = Controller;
			sourceTree = "<group>";
		};
		1E26063C1CA3EF4A00AC1105 /* View */ = {
			isa = PBXGroup;
			children = (
				1EC004511CA835ED00C2D7CB /* JDSearchBar.h */,
				1EC004521CA835ED00C2D7CB /* JDSearchBar.m */,
			);
			name = View;
			sourceTree = "<group>";
		};
		1E26063D1CA3EF4F00AC1105 /* Model */ = {
			isa = PBXGroup;
			children = (
			);
			name = Model;
			sourceTree = "<group>";
		};
		1E26063E1CA3EF5C00AC1105 /* View */ = {
			isa = PBXGroup;
			children = (
				1EA26A471CB5E87600F5A031 /* Weibo */,
				1EA26A461CB5E77200F5A031 /* Cell */,
				1EA26A441CB5E76200F5A031 /* Title */,
			);
			name = View;
			sourceTree = "<group>";
		};
		1E26063F1CA3EF6000AC1105 /* Controller */ = {
			isa = PBXGroup;
			children = (
				1ED21FB31CA519FA0015F08F /* ScanCode */,
				1E2606411CA3F6A100AC1105 /* JDHomeController.h */,
				1E2606421CA3F6A100AC1105 /* JDHomeController.m */,
				1EBA22F61CB3B19B00EB3A35 /* JDHomeController.storyboard */,
				1ED21FD11CA7B0590015F08F /* JDContentController.h */,
				1ED21FD21CA7B0590015F08F /* JDContentController.m */,
			);
			name = Controller;
			sourceTree = "<group>";
		};
		1E2606401CA3EF6600AC1105 /* Model */ = {
			isa = PBXGroup;
			children = (
				1EF7E7F21CABFBD6004CBEBE /* JDUserModel.h */,
				1EF7E7F31CABFBD6004CBEBE /* JDUserModel.m */,
				1EF7E7F51CABFBF5004CBEBE /* JDPhotoModel.h */,
				1EF7E7F61CABFBF5004CBEBE /* JDPhotoModel.m */,
				1EF7E7F81CABFC1A004CBEBE /* JDStatusModel.h */,
				1EF7E7F91CABFC1A004CBEBE /* JDStatusModel.m */,
			);
			name = Model;
			sourceTree = "<group>";
		};
		1E2606471CA3F91400AC1105 /* Message */ = {
			isa = PBXGroup;
			children = (
				1E26064A1CA3FB1400AC1105 /* Model */,
				1E2606491CA3FB1000AC1105 /* View */,
				1E2606481CA3FB0800AC1105 /* Controller */,
			);
			name = Message;
			sourceTree = "<group>";
		};
		1E2606481CA3FB0800AC1105 /* Controller */ = {
			isa = PBXGroup;
			children = (
				1EC0044E1CA834B800C2D7CB /* JDMessageController.h */,
				1EC0044F1CA834B800C2D7CB /* JDMessageController.m */,
				1EBA22F81CB3B1B000EB3A35 /* JDMessageController.storyboard */,
			);
			name = Controller;
			sourceTree = "<group>";
		};
		1E2606491CA3FB1000AC1105 /* View */ = {
			isa = PBXGroup;
			children = (
			);
			name = View;
			sourceTree = "<group>";
		};
		1E26064A1CA3FB1400AC1105 /* Model */ = {
			isa = PBXGroup;
			children = (
			);
			name = Model;
			sourceTree = "<group>";
		};
		1E26064E1CA3FCCF00AC1105 /* Profile */ = {
			isa = PBXGroup;
			children = (
				1E2606511CA3FCEC00AC1105 /* Model */,
				1E2606501CA3FCE700AC1105 /* View */,
				1E26064F1CA3FCE100AC1105 /* Controller */,
			);
			name = Profile;
			sourceTree = "<group>";
		};
		1E26064F1CA3FCE100AC1105 /* Controller */ = {
			isa = PBXGroup;
			children = (
				1E2606521CA3FD0200AC1105 /* JDProfileController.h */,
				1E2606531CA3FD0200AC1105 /* JDProfileController.m */,
				1EBA22FA1CB3B35300EB3A35 /* JDProfileController.storyboard */,
			);
			name = Controller;
			sourceTree = "<group>";
		};
		1E2606501CA3FCE700AC1105 /* View */ = {
			isa = PBXGroup;
			children = (
			);
			name = View;
			sourceTree = "<group>";
		};
		1E2606511CA3FCEC00AC1105 /* Model */ = {
			isa = PBXGroup;
			children = (
			);
			name = Model;
			sourceTree = "<group>";
		};
		1E26065B1CA4CB9000AC1105 /* Categroy */ = {
			isa = PBXGroup;
			children = (
				1E26065C1CA4CBB700AC1105 /* UIView+JDExtension.h */,
				1E26065D1CA4CBB700AC1105 /* UIView+JDExtension.m */,
				1EAD41CF1CA50D42009B806D /* UIBarButtonItem+JDExtension.h */,
				1EAD41D01CA50D42009B806D /* UIBarButtonItem+JDExtension.m */,
				1ED21FBA1CA5353C0015F08F /* UIImage+JDExtension.h */,
				1ED21FBB1CA5353C0015F08F /* UIImage+JDExtension.m */,
				1ECC88FD1CAA60BB00295050 /* NSString+JDExtension.h */,
				1ECC88FE1CAA60BB00295050 /* NSString+JDExtension.m */,
				1EF7E7EF1CAB9B60004CBEBE /* UIWindow+JDExtension.h */,
				1EF7E7F01CAB9B60004CBEBE /* UIWindow+JDExtension.m */,
				1EB1E3741CAE0A4B0081782D /* NSDate+JDExtension.h */,
				1EB1E3751CAE0A4B0081782D /* NSDate+JDExtension.m */,
			);
			name = Categroy;
			sourceTree = "<group>";
		};
		1E82AEA21CA3D3110002001B = {
			isa = PBXGroup;
			children = (
				1E82AEAD1CA3D3110002001B /* 新浪微博(OC版) */,
				1E82AEC71CA3D3110002001B /* 新浪微博(OC版)Tests */,
				1E82AED21CA3D3110002001B /* 新浪微博(OC版)UITests */,
				1E82AEAC1CA3D3110002001B /* Products */,
				1F825FD6BBCFEB461E37710B /* Pods */,
				1AB1BCB694C42B8FD9D9FF61 /* Frameworks */,
			);
			sourceTree = "<group>";
		};
		1E82AEAC1CA3D3110002001B /* Products */ = {
			isa = PBXGroup;
			children = (
				1E82AEAB1CA3D3110002001B /* 新浪微博(OC版).app */,
				1E82AEC41CA3D3110002001B /* 新浪微博(OC版)Tests.xctest */,
				1E82AECF1CA3D3110002001B /* 新浪微博(OC版)UITests.xctest */,
			);
			name = Products;
			sourceTree = "<group>";
		};
		1E82AEAD1CA3D3110002001B /* 新浪微博(OC版) */ = {
			isa = PBXGroup;
			children = (
				1E82AEE61CA3D4CB0002001B /* Classes */,
				1E82AEAE1CA3D3110002001B /* Supporting Files */,
			);
			path = "新浪微博(OC版)";
			sourceTree = "<group>";
		};
		1E82AEAE1CA3D3110002001B /* Supporting Files */ = {
			isa = PBXGroup;
			children = (
				1E82AEBA1CA3D3110002001B /* Assets.xcassets */,
				1E82AEBF1CA3D3110002001B /* Info.plist */,
				1E82AEAF1CA3D3110002001B /* main.m */,
				1ECC89941CAB89C100295050 /* Test */,
			);
			name = "Supporting Files";
			sourceTree = "<group>";
		};
		1E82AEC71CA3D3110002001B /* 新浪微博(OC版)Tests */ = {
			isa = PBXGroup;
			children = (
				1E82AEC81CA3D3110002001B /* _____OC__Tests.m */,
				1E82AECA1CA3D3110002001B /* Info.plist */,
			);
			path = "新浪微博(OC版)Tests";
			sourceTree = "<group>";
		};
		1E82AED21CA3D3110002001B /* 新浪微博(OC版)UITests */ = {
			isa = PBXGroup;
			children = (
				1E82AED31CA3D3110002001B /* _____OC__UITests.m */,
				1E82AED51CA3D3110002001B /* Info.plist */,
			);
			path = "新浪微博(OC版)UITests";
			sourceTree = "<group>";
		};
		1E82AEE41CA3D4B50002001B /* Other */ = {
			isa = PBXGroup;
			children = (
				1E82AEE11CA3D4460002001B /* JDAppDelegate.h */,
				1E82AEE21CA3D4460002001B /* JDAppDelegate.m */,
				1ED82AC71CCB12E3009AFEE2 /* JDProjectHeaders.pch */,
			);
			name = Other;
			sourceTree = "<group>";
		};
		1E82AEE51CA3D4BD0002001B /* Main */ = {
			isa = PBXGroup;
			children = (
				1E82AEE91CA3D4E30002001B /* Model */,
				1E82AEE81CA3D4DF0002001B /* View */,
				1E82AEE71CA3D4D80002001B /* Controller */,
			);
			name = Main;
			sourceTree = "<group>";
		};
		1E82AEE61CA3D4CB0002001B /* Classes */ = {
			isa = PBXGroup;
			children = (
				1EECFD601CB6A8420045D237 /* Framework */,
				1EE919B81CB0A38400A14939 /* Compose */,
				1ECC89001CAA809C00295050 /* NewFeature */,
				1EC0045C1CA8FC3600C2D7CB /* OAuth */,
				1E26065B1CA4CB9000AC1105 /* Categroy */,
				1E26064E1CA3FCCF00AC1105 /* Profile */,
				1E2606471CA3F91400AC1105 /* Message */,
				1E26063A1CA3EE7600AC1105 /* Discovery */,
				1E2606391CA3EDE700AC1105 /* Home */,
				1E82AEE41CA3D4B50002001B /* Other */,
				1E82AEE51CA3D4BD0002001B /* Main */,
			);
			name = Classes;
			sourceTree = "<group>";
		};
		1E82AEE71CA3D4D80002001B /* Controller */ = {
			isa = PBXGroup;
			children = (
				1E82AEEB1CA3D5C30002001B /* JDNavigationController.h */,
				1E82AEEC1CA3D5C30002001B /* JDNavigationController.m */,
				1E82AEEE1CA3D5E50002001B /* JDTabBarController.h */,
				1E82AEEF1CA3D5E50002001B /* JDTabBarController.m */,
				1EC004591CA8D8E100C2D7CB /* JDBaseController.h */,
				1EC0045A1CA8D8E100C2D7CB /* JDBaseController.m */,
			);
			name = Controller;
			sourceTree = "<group>";
		};
		1E82AEE81CA3D4DF0002001B /* View */ = {
			isa = PBXGroup;
			children = (
				1E2606551CA3FE9100AC1105 /* JDTabBar.h */,
				1E2606561CA3FE9100AC1105 /* JDTabBar.m */,
				1E2606581CA4C9FC00AC1105 /* JDButton.h */,
				1E2606591CA4C9FC00AC1105 /* JDButton.m */,
				1EC004541CA8BC0200C2D7CB /* JDDefaultCenterView.h */,
				1EC004551CA8BC0200C2D7CB /* JDDefaultCenterView.m */,
				1EC004571CA8BC0F00C2D7CB /* JDDefaultCenterView.xib */,
			);
			name = View;
			sourceTree = "<group>";
		};
		1E82AEE91CA3D4E30002001B /* Model */ = {
			isa = PBXGroup;
			children = (
			);
			name = Model;
			sourceTree = "<group>";
		};
		1EA26A441CB5E76200F5A031 /* Title */ = {
			isa = PBXGroup;
			children = (
				1ED21FC81CA6668E0015F08F /* JDTitleButton.h */,
				1ED21FC91CA6668E0015F08F /* JDTitleButton.m */,
				1ED21FD41CA7B8F40015F08F /* JDMenuBar.h */,
				1ED21FD51CA7B8F40015F08F /* JDMenuBar.m */,
			);
			name = Title;
			sourceTree = "<group>";
		};
		1EA26A461CB5E77200F5A031 /* Cell */ = {
			isa = PBXGroup;
			children = (
				1EBA22FE1CB3C1DB00EB3A35 /* JDWeiboCell.h */,
				1EBA22FF1CB3C1DB00EB3A35 /* JDWeiboCell.m */,
				1ED796711CB4AD9D0038D0AA /* JDImageCell.h */,
				1ED796721CB4AD9D0038D0AA /* JDImageCell.m */,
			);
			name = Cell;
			sourceTree = "<group>";
		};
		1EA26A471CB5E87600F5A031 /* Weibo */ = {
			isa = PBXGroup;
			children = (
				1E5A96871CB739980044EE76 /* JDBaseWeiboView.h */,
				1E5A96881CB739980044EE76 /* JDBaseWeiboView.m */,
				1EA26A481CB5E89D00F5A031 /* JDOriginalWeiboView.h */,
				1EA26A491CB5E89D00F5A031 /* JDOriginalWeiboView.m */,
				1EA26A4B1CB5E91D00F5A031 /* JDForwardWeiboView.h */,
				1EA26A4C1CB5E91D00F5A031 /* JDForwardWeiboView.m */,
				1EA26A4E1CB5E9FF00F5A031 /* JDWeiboToolsView.h */,
				1EA26A4F1CB5E9FF00F5A031 /* JDWeiboToolsView.m */,
			);
			name = Weibo;
			sourceTree = "<group>";
		};
		1EC0045C1CA8FC3600C2D7CB /* OAuth */ = {
			isa = PBXGroup;
			children = (
				1EC0045F1CA8FC5500C2D7CB /* Model */,
				1EC0045E1CA8FC4F00C2D7CB /* Controller */,
				1EC0045D1CA8FC4B00C2D7CB /* View */,
			);
			name = OAuth;
			sourceTree = "<group>";
		};
		1EC0045D1CA8FC4B00C2D7CB /* View */ = {
			isa = PBXGroup;
			children = (
			);
			name = View;
			sourceTree = "<group>";
		};
		1EC0045E1CA8FC4F00C2D7CB /* Controller */ = {
			isa = PBXGroup;
			children = (
				1EC004601CA8FCC900C2D7CB /* JDOAuthController.h */,
				1EC004611CA8FCC900C2D7CB /* JDOAuthController.m */,
			);
			name = Controller;
			sourceTree = "<group>";
		};
		1EC0045F1CA8FC5500C2D7CB /* Model */ = {
			isa = PBXGroup;
			children = (
				1E27B6031CAA50BA000DCDFE /* JDAccountModel.h */,
				1E27B6041CAA50BA000DCDFE /* JDAccountModel.m */,
			);
			name = Model;
			sourceTree = "<group>";
		};
		1ECC89001CAA809C00295050 /* NewFeature */ = {
			isa = PBXGroup;
			children = (
				1ECC89031CAA80D100295050 /* Model */,
				1ECC89021CAA80CC00295050 /* View */,
				1ECC89011CAA80C300295050 /* Controller */,
			);
			name = NewFeature;
			sourceTree = "<group>";
		};
		1ECC89011CAA80C300295050 /* Controller */ = {
			isa = PBXGroup;
			children = (
				1ECC89041CAA810A00295050 /* JDWelcomeController.h */,
				1ECC89051CAA810A00295050 /* JDWelcomeController.m */,
				1ECC89061CAA810A00295050 /* JDWelcomeController.xib */,
				1ECC890C1CAA814800295050 /* JDNewFeatureController.h */,
				1ECC890D1CAA814800295050 /* JDNewFeatureController.m */,
				1ECC890E1CAA814800295050 /* JDNewFeatureController.xib */,
			);
			name = Controller;
			sourceTree = "<group>";
		};
		1ECC89021CAA80CC00295050 /* View */ = {
			isa = PBXGroup;
			children = (
			);
			name = View;
			sourceTree = "<group>";
		};
		1ECC89031CAA80D100295050 /* Model */ = {
			isa = PBXGroup;
			children = (
			);
			name = Model;
			sourceTree = "<group>";
		};
		1ED21FB31CA519FA0015F08F /* ScanCode */ = {
			isa = PBXGroup;
			children = (
				1ED21FAC1CA519350015F08F /* JDScanCodeController.h */,
				1ED21FAD1CA519350015F08F /* JDScanCodeController.m */,
				1ED21FB11CA519780015F08F /* JDScanCodeController.storyboard */,
				1ED21FB41CA52A730015F08F /* JDQRCodeController.h */,
				1ED21FB51CA52A730015F08F /* JDQRCodeController.m */,
				1ED21FB71CA52AEA0015F08F /* JDBarCodeController.h */,
				1ED21FB81CA52AEA0015F08F /* JDBarCodeController.m */,
				1ED21FC31CA619CD0015F08F /* JDMyIDCardController.h */,
				1ED21FC41CA619CD0015F08F /* JDMyIDCardController.m */,
				1ED21FC51CA619CD0015F08F /* JDMyIDCardController.xib */,
			);
			name = ScanCode;
			sourceTree = "<group>";
		};
		1EE919B81CB0A38400A14939 /* Compose */ = {
			isa = PBXGroup;
			children = (
				1EE919BB1CB0A39400A14939 /* Model */,
				1EE919BA1CB0A38D00A14939 /* Controller */,
				1EE919B91CB0A38800A14939 /* View */,
			);
			name = Compose;
			sourceTree = "<group>";
		};
		1EE919B91CB0A38800A14939 /* View */ = {
			isa = PBXGroup;
			children = (
				1EE919BF1CB0A3E400A14939 /* JDTextView.h */,
				1EE919C01CB0A3E400A14939 /* JDTextView.m */,
				1ED6F6B21CB1FB8B005C4C24 /* JDTextToolsView.h */,
				1ED6F6B31CB1FB8B005C4C24 /* JDTextToolsView.m */,
				1E43FAC41CB24F410053DDAE /* JDPhotoCell.h */,
				1E43FAC51CB24F410053DDAE /* JDPhotoCell.m */,
			);
			name = View;
			sourceTree = "<group>";
		};
		1EE919BA1CB0A38D00A14939 /* Controller */ = {
			isa = PBXGroup;
			children = (
				1EE919BC1CB0A3BE00A14939 /* JDComposeController.h */,
				1EE919BD1CB0A3BE00A14939 /* JDComposeController.m */,
				1E655D0B1CB24571004306A0 /* JDComposeController.storyboard */,
				1E43FAC71CB2526F0053DDAE /* JDPhotoController.h */,
				1E43FAC81CB2526F0053DDAE /* JDPhotoController.m */,
			);
			name = Controller;
			sourceTree = "<group>";
		};
		1EE919BB1CB0A39400A14939 /* Model */ = {
			isa = PBXGroup;
			children = (
			);
			name = Model;
			sourceTree = "<group>";
		};
		1EECFD601CB6A8420045D237 /* Framework */ = {
			isa = PBXGroup;
			children = (
				1EECFD611CB6A84E0045D237 /* MJPhotoBrowser */,
			);
			name = Framework;
			sourceTree = "<group>";
		};
		1EECFD611CB6A84E0045D237 /* MJPhotoBrowser */ = {
			isa = PBXGroup;
			children = (
				1EECFD621CB6A84E0045D237 /* MJPhoto.h */,
				1EECFD631CB6A84E0045D237 /* MJPhoto.m */,
				1EECFD641CB6A84E0045D237 /* MJPhotoBrowser.bundle */,
				1EECFD651CB6A84E0045D237 /* MJPhotoBrowser.h */,
				1EECFD661CB6A84E0045D237 /* MJPhotoBrowser.m */,
				1EECFD671CB6A84E0045D237 /* MJPhotoLoadingView.h */,
				1EECFD681CB6A84E0045D237 /* MJPhotoLoadingView.m */,
				1EECFD691CB6A84E0045D237 /* MJPhotoProgressView.h */,
				1EECFD6A1CB6A84E0045D237 /* MJPhotoProgressView.m */,
				1EECFD6B1CB6A84E0045D237 /* MJPhotoToolbar.h */,
				1EECFD6C1CB6A84E0045D237 /* MJPhotoToolbar.m */,
				1EECFD6D1CB6A84E0045D237 /* MJPhotoView.h */,
				1EECFD6E1CB6A84E0045D237 /* MJPhotoView.m */,
				1EECFD6F1CB6A84E0045D237 /* SDWebImageManager+MJ.h */,
				1EECFD701CB6A84E0045D237 /* SDWebImageManager+MJ.m */,
			);
			path = MJPhotoBrowser;
			sourceTree = "<group>";
		};
		1F825FD6BBCFEB461E37710B /* Pods */ = {
			isa = PBXGroup;
			children = (
				18A40B34B2A137184D597121 /* Pods.debug.xcconfig */,
				B013D7300FDD53559FEC96D2 /* Pods.release.xcconfig */,
			);
			name = Pods;
			sourceTree = "<group>";
		};
/* End PBXGroup section */

/* Begin PBXNativeTarget section */
		1E82AEAA1CA3D3110002001B /* 新浪微博(OC版) */ = {
			isa = PBXNativeTarget;
			buildConfigurationList = 1E82AED81CA3D3110002001B /* Build configuration list for PBXNativeTarget "新浪微博(OC版)" */;
			buildPhases = (
				4D78874EF9F703B38DEE6112 /* Check Pods Manifest.lock */,
				1E82AEA71CA3D3110002001B /* Sources */,
				1E82AEA81CA3D3110002001B /* Frameworks */,
				1E82AEA91CA3D3110002001B /* Resources */,
				E8DCCD4DA3A3BC4D2B1E5FE4 /* Embed Pods Frameworks */,
				791F203204F8EC0F19EDB24B /* Copy Pods Resources */,
			);
			buildRules = (
			);
			dependencies = (
			);
			name = "新浪微博(OC版)";
			productName = "新浪微博(OC版)";
			productReference = 1E82AEAB1CA3D3110002001B /* 新浪微博(OC版).app */;
			productType = "com.apple.product-type.application";
		};
		1E82AEC31CA3D3110002001B /* 新浪微博(OC版)Tests */ = {
			isa = PBXNativeTarget;
			buildConfigurationList = 1E82AEDB1CA3D3110002001B /* Build configuration list for PBXNativeTarget "新浪微博(OC版)Tests" */;
			buildPhases = (
				1E82AEC01CA3D3110002001B /* Sources */,
				1E82AEC11CA3D3110002001B /* Frameworks */,
				1E82AEC21CA3D3110002001B /* Resources */,
			);
			buildRules = (
			);
			dependencies = (
				1E82AEC61CA3D3110002001B /* PBXTargetDependency */,
			);
			name = "新浪微博(OC版)Tests";
			productName = "新浪微博(OC版)Tests";
			productReference = 1E82AEC41CA3D3110002001B /* 新浪微博(OC版)Tests.xctest */;
			productType = "com.apple.product-type.bundle.unit-test";
		};
		1E82AECE1CA3D3110002001B /* 新浪微博(OC版)UITests */ = {
			isa = PBXNativeTarget;
			buildConfigurationList = 1E82AEDE1CA3D3110002001B /* Build configuration list for PBXNativeTarget "新浪微博(OC版)UITests" */;
			buildPhases = (
				1E82AECB1CA3D3110002001B /* Sources */,
				1E82AECC1CA3D3110002001B /* Frameworks */,
				1E82AECD1CA3D3110002001B /* Resources */,
			);
			buildRules = (
			);
			dependencies = (
				1E82AED11CA3D3110002001B /* PBXTargetDependency */,
			);
			name = "新浪微博(OC版)UITests";
			productName = "新浪微博(OC版)UITests";
			productReference = 1E82AECF1CA3D3110002001B /* 新浪微博(OC版)UITests.xctest */;
			productType = "com.apple.product-type.bundle.ui-testing";
		};
/* End PBXNativeTarget section */

/* Begin PBXProject section */
		1E82AEA31CA3D3110002001B /* Project object */ = {
			isa = PBXProject;
			attributes = {
				CLASSPREFIX = JD;
				LastUpgradeCheck = 0730;
				ORGANIZATIONNAME = Google;
				TargetAttributes = {
					1E82AEAA1CA3D3110002001B = {
						CreatedOnToolsVersion = 7.3;
					};
					1E82AEC31CA3D3110002001B = {
						CreatedOnToolsVersion = 7.3;
						TestTargetID = 1E82AEAA1CA3D3110002001B;
					};
					1E82AECE1CA3D3110002001B = {
						CreatedOnToolsVersion = 7.3;
						TestTargetID = 1E82AEAA1CA3D3110002001B;
					};
				};
			};
			buildConfigurationList = 1E82AEA61CA3D3110002001B /* Build configuration list for PBXProject "新浪微博(OC版)" */;
			compatibilityVersion = "Xcode 3.2";
			developmentRegion = English;
			hasScannedForEncodings = 0;
			knownRegions = (
				en,
				Base,
			);
			mainGroup = 1E82AEA21CA3D3110002001B;
			productRefGroup = 1E82AEAC1CA3D3110002001B /* Products */;
			projectDirPath = "";
			projectRoot = "";
			targets = (
				1E82AEAA1CA3D3110002001B /* 新浪微博(OC版) */,
				1E82AEC31CA3D3110002001B /* 新浪微博(OC版)Tests */,
				1E82AECE1CA3D3110002001B /* 新浪微博(OC版)UITests */,
			);
		};
/* End PBXProject section */

/* Begin PBXResourcesBuildPhase section */
		1E82AEA91CA3D3110002001B /* Resources */ = {
			isa = PBXResourcesBuildPhase;
			buildActionMask = 2147483647;
			files = (
				1ED21FB21CA519780015F08F /* JDScanCodeController.storyboard in Resources */,
				1EBA22FB1CB3B35300EB3A35 /* JDProfileController.storyboard in Resources */,
				1EBA22FD1CB3B37900EB3A35 /* JDDiscoveryController.storyboard in Resources */,
				1ECC89081CAA810A00295050 /* JDWelcomeController.xib in Resources */,
				1EBA22F71CB3B19B00EB3A35 /* JDHomeController.storyboard in Resources */,
				1E82AEBB1CA3D3110002001B /* Assets.xcassets in Resources */,
				1EBA22F91CB3B1B000EB3A35 /* JDMessageController.storyboard in Resources */,
				1ED21FC71CA619CD0015F08F /* JDMyIDCardController.xib in Resources */,
				1EC004581CA8BC0F00C2D7CB /* JDDefaultCenterView.xib in Resources */,
				1E655D0C1CB24571004306A0 /* JDComposeController.storyboard in Resources */,
				1ECC89101CAA814800295050 /* JDNewFeatureController.xib in Resources */,
				1ECC89951CAB89C100295050 /* Test in Resources */,
				1EECFD721CB6A84E0045D237 /* MJPhotoBrowser.bundle in Resources */,
			);
			runOnlyForDeploymentPostprocessing = 0;
		};
		1E82AEC21CA3D3110002001B /* Resources */ = {
			isa = PBXResourcesBuildPhase;
			buildActionMask = 2147483647;
			files = (
			);
			runOnlyForDeploymentPostprocessing = 0;
		};
		1E82AECD1CA3D3110002001B /* Resources */ = {
			isa = PBXResourcesBuildPhase;
			buildActionMask = 2147483647;
			files = (
			);
			runOnlyForDeploymentPostprocessing = 0;
		};
/* End PBXResourcesBuildPhase section */

/* Begin PBXShellScriptBuildPhase section */
		4D78874EF9F703B38DEE6112 /* Check Pods Manifest.lock */ = {
			isa = PBXShellScriptBuildPhase;
			buildActionMask = 2147483647;
			files = (
			);
			inputPaths = (
			);
			name = "Check Pods Manifest.lock";
			outputPaths = (
			);
			runOnlyForDeploymentPostprocessing = 0;
			shellPath = /bin/sh;
			shellScript = "diff \"${PODS_ROOT}/../Podfile.lock\" \"${PODS_ROOT}/Manifest.lock\" > /dev/null\nif [[ $? != 0 ]] ; then\n    cat << EOM\nerror: The sandbox is not in sync with the Podfile.lock. Run 'pod install' or update your CocoaPods installation.\nEOM\n    exit 1\nfi\n";
			showEnvVarsInLog = 0;
		};
		791F203204F8EC0F19EDB24B /* Copy Pods Resources */ = {
			isa = PBXShellScriptBuildPhase;
			buildActionMask = 2147483647;
			files = (
			);
			inputPaths = (
			);
			name = "Copy Pods Resources";
			outputPaths = (
			);
			runOnlyForDeploymentPostprocessing = 0;
			shellPath = /bin/sh;
			shellScript = "\"${SRCROOT}/Pods/Target Support Files/Pods/Pods-resources.sh\"\n";
			showEnvVarsInLog = 0;
		};
		E8DCCD4DA3A3BC4D2B1E5FE4 /* Embed Pods Frameworks */ = {
			isa = PBXShellScriptBuildPhase;
			buildActionMask = 2147483647;
			files = (
			);
			inputPaths = (
			);
			name = "Embed Pods Frameworks";
			outputPaths = (
			);
			runOnlyForDeploymentPostprocessing = 0;
			shellPath = /bin/sh;
			shellScript = "\"${SRCROOT}/Pods/Target Support Files/Pods/Pods-frameworks.sh\"\n";
			showEnvVarsInLog = 0;
		};
/* End PBXShellScriptBuildPhase section */

/* Begin PBXSourcesBuildPhase section */
		1E82AEA71CA3D3110002001B /* Sources */ = {
			isa = PBXSourcesBuildPhase;
			buildActionMask = 2147483647;
			files = (
				1ED21FB61CA52A730015F08F /* JDQRCodeController.m in Sources */,
				1EC0045B1CA8D8E100C2D7CB /* JDBaseController.m in Sources */,
				1EC004561CA8BC0200C2D7CB /* JDDefaultCenterView.m in Sources */,
				1ED21FCA1CA6668E0015F08F /* JDTitleButton.m in Sources */,
				1EBA23001CB3C1DB00EB3A35 /* JDWeiboCell.m in Sources */,
				1E82AEE31CA3D4460002001B /* JDAppDelegate.m in Sources */,
				1EA26A4A1CB5E89D00F5A031 /* JDOriginalWeiboView.m in Sources */,
				1E82AEF01CA3D5E50002001B /* JDTabBarController.m in Sources */,
				1E43FAC91CB2526F0053DDAE /* JDPhotoController.m in Sources */,
				1EECFD711CB6A84E0045D237 /* MJPhoto.m in Sources */,
				1EF7E7F41CABFBD6004CBEBE /* JDUserModel.m in Sources */,
				1EECFD771CB6A84E0045D237 /* MJPhotoView.m in Sources */,
				1E2606571CA3FE9100AC1105 /* JDTabBar.m in Sources */,
				1EA26A4D1CB5E91D00F5A031 /* JDForwardWeiboView.m in Sources */,
				1ECC89071CAA810A00295050 /* JDWelcomeController.m in Sources */,
				1E82AEB01CA3D3110002001B /* main.m in Sources */,
				1EECFD761CB6A84E0045D237 /* MJPhotoToolbar.m in Sources */,
				1E26065A1CA4C9FC00AC1105 /* JDButton.m in Sources */,
				1ED6F6B41CB1FB8B005C4C24 /* JDTextToolsView.m in Sources */,
				1ED21FD31CA7B0590015F08F /* JDContentController.m in Sources */,
				1ED21FBC1CA5353C0015F08F /* UIImage+JDExtension.m in Sources */,
				1EECFD741CB6A84E0045D237 /* MJPhotoLoadingView.m in Sources */,
				1EF7E7FA1CABFC1A004CBEBE /* JDStatusModel.m in Sources */,
				1ED796731CB4AD9D0038D0AA /* JDImageCell.m in Sources */,
				1EE919BE1CB0A3BE00A14939 /* JDComposeController.m in Sources */,
				1E43FAC61CB24F410053DDAE /* JDPhotoCell.m in Sources */,
				1ED21FD61CA7B8F40015F08F /* JDMenuBar.m in Sources */,
				1E26065E1CA4CBB700AC1105 /* UIView+JDExtension.m in Sources */,
				1ED21FB91CA52AEA0015F08F /* JDBarCodeController.m in Sources */,
				1ED21FC61CA619CD0015F08F /* JDMyIDCardController.m in Sources */,
				1E2606541CA3FD0200AC1105 /* JDProfileController.m in Sources */,
				1E2606461CA3F7C000AC1105 /* JDDiscoveryController.m in Sources */,
				1EECFD781CB6A84E0045D237 /* SDWebImageManager+MJ.m in Sources */,
				1EF7E7F11CAB9B60004CBEBE /* UIWindow+JDExtension.m in Sources */,
				1ECC88FF1CAA60BB00295050 /* NSString+JDExtension.m in Sources */,
				1EC004621CA8FCC900C2D7CB /* JDOAuthController.m in Sources */,
				1EB1E3761CAE0A4B0081782D /* NSDate+JDExtension.m in Sources */,
				1EC004501CA834B800C2D7CB /* JDMessageController.m in Sources */,
				1E27B6051CAA50BA000DCDFE /* JDAccountModel.m in Sources */,
				1E5A96891CB739980044EE76 /* JDBaseWeiboView.m in Sources */,
				1EC004531CA835ED00C2D7CB /* JDSearchBar.m in Sources */,
				1ECC890F1CAA814800295050 /* JDNewFeatureController.m in Sources */,
				1ED21FAF1CA519350015F08F /* JDScanCodeController.m in Sources */,
				1EAD41D11CA50D42009B806D /* UIBarButtonItem+JDExtension.m in Sources */,
				1EA26A501CB5E9FF00F5A031 /* JDWeiboToolsView.m in Sources */,
				1EECFD751CB6A84E0045D237 /* MJPhotoProgressView.m in Sources */,
				1EECFD731CB6A84E0045D237 /* MJPhotoBrowser.m in Sources */,
				1EF7E7F71CABFBF5004CBEBE /* JDPhotoModel.m in Sources */,
				1E2606431CA3F6A100AC1105 /* JDHomeController.m in Sources */,
				1E82AEED1CA3D5C30002001B /* JDNavigationController.m in Sources */,
				1EE919C11CB0A3E400A14939 /* JDTextView.m in Sources */,
			);
			runOnlyForDeploymentPostprocessing = 0;
		};
		1E82AEC01CA3D3110002001B /* Sources */ = {
			isa = PBXSourcesBuildPhase;
			buildActionMask = 2147483647;
			files = (
				1E82AEC91CA3D3110002001B /* _____OC__Tests.m in Sources */,
			);
			runOnlyForDeploymentPostprocessing = 0;
		};
		1E82AECB1CA3D3110002001B /* Sources */ = {
			isa = PBXSourcesBuildPhase;
			buildActionMask = 2147483647;
			files = (
				1E82AED41CA3D3110002001B /* _____OC__UITests.m in Sources */,
			);
			runOnlyForDeploymentPostprocessing = 0;
		};
/* End PBXSourcesBuildPhase section */

/* Begin PBXTargetDependency section */
		1E82AEC61CA3D3110002001B /* PBXTargetDependency */ = {
			isa = PBXTargetDependency;
			target = 1E82AEAA1CA3D3110002001B /* 新浪微博(OC版) */;
			targetProxy = 1E82AEC51CA3D3110002001B /* PBXContainerItemProxy */;
		};
		1E82AED11CA3D3110002001B /* PBXTargetDependency */ = {
			isa = PBXTargetDependency;
			target = 1E82AEAA1CA3D3110002001B /* 新浪微博(OC版) */;
			targetProxy = 1E82AED01CA3D3110002001B /* PBXContainerItemProxy */;
		};
/* End PBXTargetDependency section */

/* Begin XCBuildConfiguration section */
		1E82AED61CA3D3110002001B /* Debug */ = {
			isa = XCBuildConfiguration;
			buildSettings = {
				ALWAYS_SEARCH_USER_PATHS = NO;
				CLANG_ANALYZER_NONNULL = YES;
				CLANG_CXX_LANGUAGE_STANDARD = "gnu++0x";
				CLANG_CXX_LIBRARY = "libc++";
				CLANG_ENABLE_MODULES = YES;
				CLANG_ENABLE_OBJC_ARC = YES;
				CLANG_WARN_BOOL_CONVERSION = YES;
				CLANG_WARN_CONSTANT_CONVERSION = YES;
				CLANG_WARN_DIRECT_OBJC_ISA_USAGE = YES_ERROR;
				CLANG_WARN_EMPTY_BODY = YES;
				CLANG_WARN_ENUM_CONVERSION = YES;
				CLANG_WARN_INT_CONVERSION = YES;
				CLANG_WARN_OBJC_ROOT_CLASS = YES_ERROR;
				CLANG_WARN_UNREACHABLE_CODE = YES;
				CLANG_WARN__DUPLICATE_METHOD_MATCH = YES;
				"CODE_SIGN_IDENTITY[sdk=iphoneos*]" = "iPhone Developer";
				COPY_PHASE_STRIP = NO;
				DEBUG_INFORMATION_FORMAT = dwarf;
				ENABLE_STRICT_OBJC_MSGSEND = YES;
				ENABLE_TESTABILITY = YES;
				GCC_C_LANGUAGE_STANDARD = gnu99;
				GCC_DYNAMIC_NO_PIC = NO;
				GCC_NO_COMMON_BLOCKS = YES;
				GCC_OPTIMIZATION_LEVEL = 0;
				GCC_PREFIX_HEADER = "$(SRCROOT)/新浪微博(OC版)/JDWeiboHeader.pch";
				GCC_PREPROCESSOR_DEFINITIONS = (
					"DEBUG=1",
					"$(inherited)",
				);
				GCC_WARN_64_TO_32_BIT_CONVERSION = YES;
				GCC_WARN_ABOUT_RETURN_TYPE = YES_ERROR;
				GCC_WARN_UNDECLARED_SELECTOR = YES;
				GCC_WARN_UNINITIALIZED_AUTOS = YES_AGGRESSIVE;
				GCC_WARN_UNUSED_FUNCTION = YES;
				GCC_WARN_UNUSED_VARIABLE = YES;
				IPHONEOS_DEPLOYMENT_TARGET = 9.3;
				MTL_ENABLE_DEBUG_INFO = YES;
				ONLY_ACTIVE_ARCH = YES;
				SDKROOT = iphoneos;
				TARGETED_DEVICE_FAMILY = "1,2";
			};
			name = Debug;
		};
		1E82AED71CA3D3110002001B /* Release */ = {
			isa = XCBuildConfiguration;
			buildSettings = {
				ALWAYS_SEARCH_USER_PATHS = NO;
				CLANG_ANALYZER_NONNULL = YES;
				CLANG_CXX_LANGUAGE_STANDARD = "gnu++0x";
				CLANG_CXX_LIBRARY = "libc++";
				CLANG_ENABLE_MODULES = YES;
				CLANG_ENABLE_OBJC_ARC = YES;
				CLANG_WARN_BOOL_CONVERSION = YES;
				CLANG_WARN_CONSTANT_CONVERSION = YES;
				CLANG_WARN_DIRECT_OBJC_ISA_USAGE = YES_ERROR;
				CLANG_WARN_EMPTY_BODY = YES;
				CLANG_WARN_ENUM_CONVERSION = YES;
				CLANG_WARN_INT_CONVERSION = YES;
				CLANG_WARN_OBJC_ROOT_CLASS = YES_ERROR;
				CLANG_WARN_UNREACHABLE_CODE = YES;
				CLANG_WARN__DUPLICATE_METHOD_MATCH = YES;
				"CODE_SIGN_IDENTITY[sdk=iphoneos*]" = "iPhone Developer";
				COPY_PHASE_STRIP = NO;
				DEBUG_INFORMATION_FORMAT = "dwarf-with-dsym";
				ENABLE_NS_ASSERTIONS = NO;
				ENABLE_STRICT_OBJC_MSGSEND = YES;
				GCC_C_LANGUAGE_STANDARD = gnu99;
				GCC_NO_COMMON_BLOCKS = YES;
				GCC_PREFIX_HEADER = "$(SRCROOT)/新浪微博(OC版)/JDWeiboHeader.pch";
				GCC_WARN_64_TO_32_BIT_CONVERSION = YES;
				GCC_WARN_ABOUT_RETURN_TYPE = YES_ERROR;
				GCC_WARN_UNDECLARED_SELECTOR = YES;
				GCC_WARN_UNINITIALIZED_AUTOS = YES_AGGRESSIVE;
				GCC_WARN_UNUSED_FUNCTION = YES;
				GCC_WARN_UNUSED_VARIABLE = YES;
				IPHONEOS_DEPLOYMENT_TARGET = 9.3;
				MTL_ENABLE_DEBUG_INFO = NO;
				SDKROOT = iphoneos;
				TARGETED_DEVICE_FAMILY = "1,2";
				VALIDATE_PRODUCT = YES;
			};
			name = Release;
		};
		1E82AED91CA3D3110002001B /* Debug */ = {
			isa = XCBuildConfiguration;
			baseConfigurationReference = 18A40B34B2A137184D597121 /* Pods.debug.xcconfig */;
			buildSettings = {
				ASSETCATALOG_COMPILER_APPICON_NAME = AppIcon;
				ASSETCATALOG_COMPILER_LAUNCHIMAGE_NAME = LaunchImage;
				GCC_PREFIX_HEADER = "$(SRCROOT)/新浪微博(OC版)/JDProjectHeaders.pch";
				INFOPLIST_FILE = "新浪微博(OC版)/Info.plist";
				LD_RUNPATH_SEARCH_PATHS = "$(inherited) @executable_path/Frameworks";
				PRODUCT_BUNDLE_IDENTIFIER = "hk.google.www.-----OC--";
				PRODUCT_NAME = "$(TARGET_NAME)";
			};
			name = Debug;
		};
		1E82AEDA1CA3D3110002001B /* Release */ = {
			isa = XCBuildConfiguration;
			baseConfigurationReference = B013D7300FDD53559FEC96D2 /* Pods.release.xcconfig */;
			buildSettings = {
				ASSETCATALOG_COMPILER_APPICON_NAME = AppIcon;
				ASSETCATALOG_COMPILER_LAUNCHIMAGE_NAME = LaunchImage;
				GCC_PREFIX_HEADER = "$(SRCROOT)/新浪微博(OC版)/JDProjectHeaders.pch";
				INFOPLIST_FILE = "新浪微博(OC版)/Info.plist";
				LD_RUNPATH_SEARCH_PATHS = "$(inherited) @executable_path/Frameworks";
				PRODUCT_BUNDLE_IDENTIFIER = "hk.google.www.-----OC--";
				PRODUCT_NAME = "$(TARGET_NAME)";
			};
			name = Release;
		};
		1E82AEDC1CA3D3110002001B /* Debug */ = {
			isa = XCBuildConfiguration;
			buildSettings = {
				BUNDLE_LOADER = "$(TEST_HOST)";
				INFOPLIST_FILE = "新浪微博(OC版)Tests/Info.plist";
				LD_RUNPATH_SEARCH_PATHS = "$(inherited) @executable_path/Frameworks @loader_path/Frameworks";
				PRODUCT_BUNDLE_IDENTIFIER = "hk.google.www.-----OC--Tests";
				PRODUCT_NAME = "$(TARGET_NAME)";
				TEST_HOST = "$(BUILT_PRODUCTS_DIR)/新浪微博(OC版).app/新浪微博(OC版)";
			};
			name = Debug;
		};
		1E82AEDD1CA3D3110002001B /* Release */ = {
			isa = XCBuildConfiguration;
			buildSettings = {
				BUNDLE_LOADER = "$(TEST_HOST)";
				INFOPLIST_FILE = "新浪微博(OC版)Tests/Info.plist";
				LD_RUNPATH_SEARCH_PATHS = "$(inherited) @executable_path/Frameworks @loader_path/Frameworks";
				PRODUCT_BUNDLE_IDENTIFIER = "hk.google.www.-----OC--Tests";
				PRODUCT_NAME = "$(TARGET_NAME)";
				TEST_HOST = "$(BUILT_PRODUCTS_DIR)/新浪微博(OC版).app/新浪微博(OC版)";
			};
			name = Release;
		};
		1E82AEDF1CA3D3110002001B /* Debug */ = {
			isa = XCBuildConfiguration;
			buildSettings = {
				INFOPLIST_FILE = "新浪微博(OC版)UITests/Info.plist";
				LD_RUNPATH_SEARCH_PATHS = "$(inherited) @executable_path/Frameworks @loader_path/Frameworks";
				PRODUCT_BUNDLE_IDENTIFIER = "hk.google.www.-----OC--UITests";
				PRODUCT_NAME = "$(TARGET_NAME)";
				TEST_TARGET_NAME = "新浪微博(OC版)";
			};
			name = Debug;
		};
		1E82AEE01CA3D3110002001B /* Release */ = {
			isa = XCBuildConfiguration;
			buildSettings = {
				INFOPLIST_FILE = "新浪微博(OC版)UITests/Info.plist";
				LD_RUNPATH_SEARCH_PATHS = "$(inherited) @executable_path/Frameworks @loader_path/Frameworks";
				PRODUCT_BUNDLE_IDENTIFIER = "hk.google.www.-----OC--UITests";
				PRODUCT_NAME = "$(TARGET_NAME)";
				TEST_TARGET_NAME = "新浪微博(OC版)";
			};
			name = Release;
		};
/* End XCBuildConfiguration section */

/* Begin XCConfigurationList section */
		1E82AEA61CA3D3110002001B /* Build configuration list for PBXProject "新浪微博(OC版)" */ = {
			isa = XCConfigurationList;
			buildConfigurations = (
				1E82AED61CA3D3110002001B /* Debug */,
				1E82AED71CA3D3110002001B /* Release */,
			);
			defaultConfigurationIsVisible = 0;
			defaultConfigurationName = Release;
		};
		1E82AED81CA3D3110002001B /* Build configuration list for PBXNativeTarget "新浪微博(OC版)" */ = {
			isa = XCConfigurationList;
			buildConfigurations = (
				1E82AED91CA3D3110002001B /* Debug */,
				1E82AEDA1CA3D3110002001B /* Release */,
			);
			defaultConfigurationIsVisible = 0;
			defaultConfigurationName = Release;
		};
		1E82AEDB1CA3D3110002001B /* Build configuration list for PBXNativeTarget "新浪微博(OC版)Tests" */ = {
			isa = XCConfigurationList;
			buildConfigurations = (
				1E82AEDC1CA3D3110002001B /* Debug */,
				1E82AEDD1CA3D3110002001B /* Release */,
			);
			defaultConfigurationIsVisible = 0;
			defaultConfigurationName = Release;
		};
		1E82AEDE1CA3D3110002001B /* Build configuration list for PBXNativeTarget "新浪微博(OC版)UITests" */ = {
			isa = XCConfigurationList;
			buildConfigurations = (
				1E82AEDF1CA3D3110002001B /* Debug */,
				1E82AEE01CA3D3110002001B /* Release */,
			);
			defaultConfigurationIsVisible = 0;
			defaultConfigurationName = Release;
		};
/* End XCConfigurationList section */
	};
	rootObject = 1E82AEA31CA3D3110002001B /* Project object */;
}
